// !$*UTF8*$!
{
	archiveVersion = 1;
	classes = {
	};
	objectVersion = 46;
	objects = {

/* Begin PBXBuildFile section */
		931043F81B94184F00DAC200 /* glyph.cc in Sources */ = {isa = PBXBuildFile; fileRef = 931043F71B94184F00DAC200 /* glyph.cc */; };
		933162D71B92C58F009FFC7C /* font_info.cc in Sources */ = {isa = PBXBuildFile; fileRef = 933162D61B92C58F009FFC7C /* font_info.cc */; };
		9337DC541B8D67F20070814C /* glyph_outline.cc in Sources */ = {isa = PBXBuildFile; fileRef = 9337DC531B8D67F20070814C /* glyph_outline.cc */; };
		933A61501BC8C95000C600C5 /* Main.storyboard in Resources */ = {isa = PBXBuildFile; fileRef = 933A614F1BC8C95000C600C5 /* Main.storyboard */; };
		9349562E1B8D8B17000FD457 /* glyphs.cc in Sources */ = {isa = PBXBuildFile; fileRef = 9349562D1B8D8B17000FD457 /* glyphs.cc */; };
		93563ACC1B6744CD004C47E4 /* libtakram_graphics.a in Frameworks */ = {isa = PBXBuildFile; fileRef = 93563AB71B674487004C47E4 /* libtakram_graphics.a */; };
		935DDCDE1BEB0E7D0070F741 /* LayerBackedView.swift in Sources */ = {isa = PBXBuildFile; fileRef = 935DDCDD1BEB0E7D0070F741 /* LayerBackedView.swift */; };
		935DDCEC1BEB102D0070F741 /* NumberToPercentageTransformer.swift in Sources */ = {isa = PBXBuildFile; fileRef = 935DDCEB1BEB102D0070F741 /* NumberToPercentageTransformer.swift */; };
		935DDCEE1BEB125C0070F741 /* NSBezierPath+RoundedRect.swift in Sources */ = {isa = PBXBuildFile; fileRef = 935DDCED1BEB125C0070F741 /* NSBezierPath+RoundedRect.swift */; };
		935DDCF01BEB1A160070F741 /* RectCorners.swift in Sources */ = {isa = PBXBuildFile; fileRef = 935DDCEF1BEB1A160070F741 /* RectCorners.swift */; };
		935DDCF21BEB228F0070F741 /* ZeroSplitView.swift in Sources */ = {isa = PBXBuildFile; fileRef = 935DDCF11BEB228F0070F741 /* ZeroSplitView.swift */; };
		935DDCF41BEB23460070F741 /* BackgroundView.swift in Sources */ = {isa = PBXBuildFile; fileRef = 935DDCF31BEB23460070F741 /* BackgroundView.swift */; };
		935DDCF61BEB23DC0070F741 /* BackgroundTextField.swift in Sources */ = {isa = PBXBuildFile; fileRef = 935DDCF51BEB23DC0070F741 /* BackgroundTextField.swift */; };
		935DDCF81BEB24550070F741 /* BackgroundImageView.swift in Sources */ = {isa = PBXBuildFile; fileRef = 935DDCF71BEB24550070F741 /* BackgroundImageView.swift */; };
		935DDCFC1BEB25220070F741 /* RoundedButtonCell.swift in Sources */ = {isa = PBXBuildFile; fileRef = 935DDCFB1BEB25220070F741 /* RoundedButtonCell.swift */; };
		935DDCFE1BEB2ACF0070F741 /* DefaultRoundedButtonCell.swift in Sources */ = {isa = PBXBuildFile; fileRef = 935DDCFD1BEB2ACF0070F741 /* DefaultRoundedButtonCell.swift */; };
		935DDD001BEB37BA0070F741 /* NumericTextField.swift in Sources */ = {isa = PBXBuildFile; fileRef = 935DDCFF1BEB37BA0070F741 /* NumericTextField.swift */; };
		9368398D1B9E7B4400E21EF7 /* libtakram_graphics.a in Frameworks */ = {isa = PBXBuildFile; fileRef = 93563AB71B674487004C47E4 /* libtakram_graphics.a */; };
		9368398F1B9E7B6500E21EF7 /* glyph_outline.cc in Sources */ = {isa = PBXBuildFile; fileRef = 9337DC531B8D67F20070814C /* glyph_outline.cc */; };
		936839901B9E7B6500E21EF7 /* font_info.cc in Sources */ = {isa = PBXBuildFile; fileRef = 933162D61B92C58F009FFC7C /* font_info.cc */; };
		936839911B9E7B6500E21EF7 /* glyphs.cc in Sources */ = {isa = PBXBuildFile; fileRef = 9349562D1B8D8B17000FD457 /* glyphs.cc */; };
		936839921B9E7B6500E21EF7 /* glyph.cc in Sources */ = {isa = PBXBuildFile; fileRef = 931043F71B94184F00DAC200 /* glyph.cc */; };
		936839941B9E7B6500E21EF7 /* lib.cc in Sources */ = {isa = PBXBuildFile; fileRef = 93714B5F1B996EA70077B273 /* lib.cc */; };
		936839951B9E7B6500E21EF7 /* gasp_range_record.cc in Sources */ = {isa = PBXBuildFile; fileRef = 93C18FBC1B930E0D0044AAEB /* gasp_range_record.cc */; };
		936839961B9E7B6500E21EF7 /* name_record.cc in Sources */ = {isa = PBXBuildFile; fileRef = 93C18FBD1B930E0D0044AAEB /* name_record.cc */; };
		936839971B9E7B6500E21EF7 /* unique_id.cc in Sources */ = {isa = PBXBuildFile; fileRef = 93C18F901B930D440044AAEB /* unique_id.cc */; };
		936839981B9E7B6500E21EF7 /* vendor.cc in Sources */ = {isa = PBXBuildFile; fileRef = 93C18F911B930D440044AAEB /* vendor.cc */; };
		936839991B9E7B6500E21EF7 /* credit.cc in Sources */ = {isa = PBXBuildFile; fileRef = 93C18F851B930D430044AAEB /* credit.cc */; };
		9368399A1B9E7B6500E21EF7 /* credits.cc in Sources */ = {isa = PBXBuildFile; fileRef = 93C18F861B930D430044AAEB /* credits.cc */; };
		9368399B1B9E7B6500E21EF7 /* text.cc in Sources */ = {isa = PBXBuildFile; fileRef = 93C18F8E1B930D440044AAEB /* text.cc */; };
		9368399C1B9E7B6500E21EF7 /* description.cc in Sources */ = {isa = PBXBuildFile; fileRef = 93C18F871B930D440044AAEB /* description.cc */; };
		9368399D1B9E7B6500E21EF7 /* license.cc in Sources */ = {isa = PBXBuildFile; fileRef = 93C18F8C1B930D440044AAEB /* license.cc */; };
		9368399E1B9E7B6500E21EF7 /* copyright.cc in Sources */ = {isa = PBXBuildFile; fileRef = 93C18F841B930D430044AAEB /* copyright.cc */; };
		9368399F1B9E7B6500E21EF7 /* trademark.cc in Sources */ = {isa = PBXBuildFile; fileRef = 93C18F8F1B930D440044AAEB /* trademark.cc */; };
		936839A01B9E7B6500E21EF7 /* licensee.cc in Sources */ = {isa = PBXBuildFile; fileRef = 93C18F8D1B930D440044AAEB /* licensee.cc */; };
		936839A11B9E7B6500E21EF7 /* extension_name.cc in Sources */ = {isa = PBXBuildFile; fileRef = 93C18F891B930D440044AAEB /* extension_name.cc */; };
		936839A21B9E7B6500E21EF7 /* extension_value.cc in Sources */ = {isa = PBXBuildFile; fileRef = 93C18F8A1B930D440044AAEB /* extension_value.cc */; };
		936839A31B9E7B6500E21EF7 /* extension_item.cc in Sources */ = {isa = PBXBuildFile; fileRef = 93C18F881B930D440044AAEB /* extension_item.cc */; };
		936839A41B9E7B6500E21EF7 /* extension.cc in Sources */ = {isa = PBXBuildFile; fileRef = 93C18F8B1B930D440044AAEB /* extension.cc */; };
		936839A51B9E7B6500E21EF7 /* property_list.cc in Sources */ = {isa = PBXBuildFile; fileRef = 93C18F481B93089D0044AAEB /* property_list.cc */; };
		936839AC1B9E931D00E21EF7 /* guideline.cc in Sources */ = {isa = PBXBuildFile; fileRef = 936839AA1B9E931D00E21EF7 /* guideline.cc */; };
		936839AD1B9E931D00E21EF7 /* guideline.cc in Sources */ = {isa = PBXBuildFile; fileRef = 936839AA1B9E931D00E21EF7 /* guideline.cc */; };
		936D38051BA1CEDA0058F7B1 /* TKNWelcomeSheet.m in Sources */ = {isa = PBXBuildFile; fileRef = 936D38041BA1CEDA0058F7B1 /* TKNWelcomeSheet.m */; };
		93714B601B996EA70077B273 /* lib.cc in Sources */ = {isa = PBXBuildFile; fileRef = 93714B5F1B996EA70077B273 /* lib.cc */; };
		9375FA551B9DDCD900559480 /* scaler.mm in Sources */ = {isa = PBXBuildFile; fileRef = 9375FA541B9DDCD900559480 /* scaler.mm */; };
		9381EE581B91B20000807B1B /* TKNApplicationDelegate.m in Sources */ = {isa = PBXBuildFile; fileRef = 9381EE571B91B20000807B1B /* TKNApplicationDelegate.m */; };
		9383794C1B962D47003E6893 /* TKNTypeface.mm in Sources */ = {isa = PBXBuildFile; fileRef = 9383794B1B962D47003E6893 /* TKNTypeface.mm */; };
		9390CBF51B95328D0088153C /* Credits.rtf in Resources */ = {isa = PBXBuildFile; fileRef = 9390CBF41B95328D0088153C /* Credits.rtf */; };
		93982FBA1BA3C8D300438BDA /* TKNMultilineTextField.m in Sources */ = {isa = PBXBuildFile; fileRef = 93982FB91BA3C8D300438BDA /* TKNMultilineTextField.m */; };
		93982FBC1BA3D5F000438BDA /* AdobeFDKLicense.rtf in Resources */ = {isa = PBXBuildFile; fileRef = 93982FBB1BA3D5F000438BDA /* AdobeFDKLicense.rtf */; };
		93982FBF1BA4104500438BDA /* TKNFilePaths.m in Sources */ = {isa = PBXBuildFile; fileRef = 93982FBE1BA4104500438BDA /* TKNFilePaths.m */; };
		9399180B1BA1734100061130 /* TKNWelcomeSheetController.m in Sources */ = {isa = PBXBuildFile; fileRef = 939918091BA1734100061130 /* TKNWelcomeSheetController.m */; };
		9399180C1BA1734100061130 /* TKNWelcomeSheetController.xib in Resources */ = {isa = PBXBuildFile; fileRef = 9399180A1BA1734100061130 /* TKNWelcomeSheetController.xib */; };
		939FDF191C1F62CD00B0DECD /* SettingsViewController.swift in Sources */ = {isa = PBXBuildFile; fileRef = 939FDF181C1F62CD00B0DECD /* SettingsViewController.swift */; };
		939FDF1B1C1F630D00B0DECD /* ControlView.swift in Sources */ = {isa = PBXBuildFile; fileRef = 939FDF1A1C1F630D00B0DECD /* ControlView.swift */; };
		939FDF1D1C1F635800B0DECD /* CenteredClipView.swift in Sources */ = {isa = PBXBuildFile; fileRef = 939FDF1C1C1F635800B0DECD /* CenteredClipView.swift */; };
		93A05AEB1B9B8A6B002DDAD5 /* makeotf.cc in Sources */ = {isa = PBXBuildFile; fileRef = 93A05AE91B9B8A6B002DDAD5 /* makeotf.cc */; };
		93A05AEF1B9B914A002DDAD5 /* typeface in Resources */ = {isa = PBXBuildFile; fileRef = 93A05AEE1B9B914A002DDAD5 /* typeface */; };
		93A05AF21B9B9B98002DDAD5 /* autohint.cc in Sources */ = {isa = PBXBuildFile; fileRef = 93A05AF01B9B9B98002DDAD5 /* autohint.cc */; };
		93AB70431BA5D9FA004EB3C8 /* check_outlines.cc in Sources */ = {isa = PBXBuildFile; fileRef = 93AB70411BA5D9FA004EB3C8 /* check_outlines.cc */; };
		93B7634E1B91B268009CA8B0 /* TKNMainWindowController.m in Sources */ = {isa = PBXBuildFile; fileRef = 93B7634C1B91B268009CA8B0 /* TKNMainWindowController.m */; };
		93B7635F1B91B332009CA8B0 /* main.m in Sources */ = {isa = PBXBuildFile; fileRef = 93B7635E1B91B332009CA8B0 /* main.m */; };
		93C18F491B93089E0044AAEB /* property_list.cc in Sources */ = {isa = PBXBuildFile; fileRef = 93C18F481B93089D0044AAEB /* property_list.cc */; };
		93C18F921B930D440044AAEB /* copyright.cc in Sources */ = {isa = PBXBuildFile; fileRef = 93C18F841B930D430044AAEB /* copyright.cc */; };
		93C18F951B930D440044AAEB /* credit.cc in Sources */ = {isa = PBXBuildFile; fileRef = 93C18F851B930D430044AAEB /* credit.cc */; };
		93C18F981B930D440044AAEB /* credits.cc in Sources */ = {isa = PBXBuildFile; fileRef = 93C18F861B930D430044AAEB /* credits.cc */; };
		93C18F9B1B930D440044AAEB /* description.cc in Sources */ = {isa = PBXBuildFile; fileRef = 93C18F871B930D440044AAEB /* description.cc */; };
		93C18F9E1B930D440044AAEB /* extension_item.cc in Sources */ = {isa = PBXBuildFile; fileRef = 93C18F881B930D440044AAEB /* extension_item.cc */; };
		93C18FA11B930D440044AAEB /* extension_name.cc in Sources */ = {isa = PBXBuildFile; fileRef = 93C18F891B930D440044AAEB /* extension_name.cc */; };
		93C18FA41B930D440044AAEB /* extension_value.cc in Sources */ = {isa = PBXBuildFile; fileRef = 93C18F8A1B930D440044AAEB /* extension_value.cc */; };
		93C18FA71B930D440044AAEB /* extension.cc in Sources */ = {isa = PBXBuildFile; fileRef = 93C18F8B1B930D440044AAEB /* extension.cc */; };
		93C18FAA1B930D440044AAEB /* license.cc in Sources */ = {isa = PBXBuildFile; fileRef = 93C18F8C1B930D440044AAEB /* license.cc */; };
		93C18FAD1B930D440044AAEB /* licensee.cc in Sources */ = {isa = PBXBuildFile; fileRef = 93C18F8D1B930D440044AAEB /* licensee.cc */; };
		93C18FB01B930D440044AAEB /* text.cc in Sources */ = {isa = PBXBuildFile; fileRef = 93C18F8E1B930D440044AAEB /* text.cc */; };
		93C18FB31B930D440044AAEB /* trademark.cc in Sources */ = {isa = PBXBuildFile; fileRef = 93C18F8F1B930D440044AAEB /* trademark.cc */; };
		93C18FB61B930D440044AAEB /* unique_id.cc in Sources */ = {isa = PBXBuildFile; fileRef = 93C18F901B930D440044AAEB /* unique_id.cc */; };
		93C18FB91B930D440044AAEB /* vendor.cc in Sources */ = {isa = PBXBuildFile; fileRef = 93C18F911B930D440044AAEB /* vendor.cc */; };
		93C18FBE1B930E0D0044AAEB /* gasp_range_record.cc in Sources */ = {isa = PBXBuildFile; fileRef = 93C18FBC1B930E0D0044AAEB /* gasp_range_record.cc */; };
		93C18FC11B930E0D0044AAEB /* name_record.cc in Sources */ = {isa = PBXBuildFile; fileRef = 93C18FBD1B930E0D0044AAEB /* name_record.cc */; };
		93C257491B9B9E4F00134399 /* TKNTypefaceUnit.m in Sources */ = {isa = PBXBuildFile; fileRef = 93C257481B9B9E4F00134399 /* TKNTypefaceUnit.m */; };
		93C257AF1B9C5AB700134399 /* TKNZoomIn.pdf in Resources */ = {isa = PBXBuildFile; fileRef = 93C257AD1B9C5AB700134399 /* TKNZoomIn.pdf */; };
		93C257B01B9C5AB700134399 /* TKNZoomOut.pdf in Resources */ = {isa = PBXBuildFile; fileRef = 93C257AE1B9C5AB700134399 /* TKNZoomOut.pdf */; };
		93C257C41B9C96D900134399 /* TKNInvert.pdf in Resources */ = {isa = PBXBuildFile; fileRef = 93C257C31B9C96D900134399 /* TKNInvert.pdf */; };
		93C257C61B9C99F700134399 /* TKNOutline.pdf in Resources */ = {isa = PBXBuildFile; fileRef = 93C257C51B9C99F700134399 /* TKNOutline.pdf */; };
		93C771A71B95482100914AD9 /* TKNTypefaceView.m in Sources */ = {isa = PBXBuildFile; fileRef = 93C771A61B95482100914AD9 /* TKNTypefaceView.m */; };
		93D268591B95491D008AB659 /* TKNTypefaceViewController.m in Sources */ = {isa = PBXBuildFile; fileRef = 93D268551B95491D008AB659 /* TKNTypefaceViewController.m */; };
		93D70ED01C2DA7AF003C6F2B /* MultilineTextField.swift in Sources */ = {isa = PBXBuildFile; fileRef = 93D70ECF1C2DA7AF003C6F2B /* MultilineTextField.swift */; };
		93D70EDD1C2DA991003C6F2B /* WelcomeSheet.swift in Sources */ = {isa = PBXBuildFile; fileRef = 93D70EDC1C2DA991003C6F2B /* WelcomeSheet.swift */; };
		93D70EE11C2DAAF2003C6F2B /* ApplicationDelegate.swift in Sources */ = {isa = PBXBuildFile; fileRef = 93D70EE01C2DAAF2003C6F2B /* ApplicationDelegate.swift */; };
		93D70EE31C2DAB0A003C6F2B /* MainWindowController.swift in Sources */ = {isa = PBXBuildFile; fileRef = 93D70EE21C2DAB0A003C6F2B /* MainWindowController.swift */; };
		93D70EE51C2DAB1A003C6F2B /* MainViewController.swift in Sources */ = {isa = PBXBuildFile; fileRef = 93D70EE41C2DAB1A003C6F2B /* MainViewController.swift */; };
		93E209681BB3AAC100C76B70 /* TKNCapHeightTemplate.pdf in Resources */ = {isa = PBXBuildFile; fileRef = 93E209661BB3AAC100C76B70 /* TKNCapHeightTemplate.pdf */; };
		93E209691BB3AAC100C76B70 /* TKNStrokeWidthTemplate.pdf in Resources */ = {isa = PBXBuildFile; fileRef = 93E209671BB3AAC100C76B70 /* TKNStrokeWidthTemplate.pdf */; };
		93E5FF171B915970006E968A /* glyph_stroker.cc in Sources */ = {isa = PBXBuildFile; fileRef = 93E5FF151B915970006E968A /* glyph_stroker.cc */; };
		93F9134E1BC8CD29008D1EE5 /* TKNMainViewController.m in Sources */ = {isa = PBXBuildFile; fileRef = 93F9134D1BC8CD29008D1EE5 /* TKNMainViewController.m */; };
/* End PBXBuildFile section */

/* Begin PBXContainerItemProxy section */
		93563AB41B674487004C47E4 /* PBXContainerItemProxy */ = {
			isa = PBXContainerItemProxy;
			containerPortal = 93563AAB1B674487004C47E4 /* graphics.xcodeproj */;
			proxyType = 2;
			remoteGlobalIDString = 9309550E1A4FB1FC00D09023;
			remoteInfo = graphics_shared;
		};
		93563AB61B674487004C47E4 /* PBXContainerItemProxy */ = {
			isa = PBXContainerItemProxy;
			containerPortal = 93563AAB1B674487004C47E4 /* graphics.xcodeproj */;
			proxyType = 2;
			remoteGlobalIDString = 93C6B51519B22F5500A1CF93;
			remoteInfo = graphics_static;
		};
		93563AB81B674487004C47E4 /* PBXContainerItemProxy */ = {
			isa = PBXContainerItemProxy;
			containerPortal = 93563AAB1B674487004C47E4 /* graphics.xcodeproj */;
			proxyType = 2;
			remoteGlobalIDString = 93B474091B648C4C00613FB6;
			remoteInfo = graphics_ios;
		};
		93563ABA1B674487004C47E4 /* PBXContainerItemProxy */ = {
			isa = PBXContainerItemProxy;
			containerPortal = 93563AAB1B674487004C47E4 /* graphics.xcodeproj */;
			proxyType = 2;
			remoteGlobalIDString = 93F1B9F6180282B0002A5A5C;
			remoteInfo = graphics_test;
		};
		93563AC81B6744C1004C47E4 /* PBXContainerItemProxy */ = {
			isa = PBXContainerItemProxy;
			containerPortal = 93563AAB1B674487004C47E4 /* graphics.xcodeproj */;
			proxyType = 1;
			remoteGlobalIDString = 93C6B51419B22F5500A1CF93;
			remoteInfo = graphics_static;
		};
		936839791B9E7B3B00E21EF7 /* PBXContainerItemProxy */ = {
			isa = PBXContainerItemProxy;
			containerPortal = 93563AAB1B674487004C47E4 /* graphics.xcodeproj */;
			proxyType = 1;
			remoteGlobalIDString = 93C6B51419B22F5500A1CF93;
			remoteInfo = graphics_static;
		};
		936839A61B9E8D4300E21EF7 /* PBXContainerItemProxy */ = {
			isa = PBXContainerItemProxy;
			containerPortal = 93FEF9461AD97263009D0646 /* Project object */;
			proxyType = 1;
			remoteGlobalIDString = 93C257E21B9DDC7A00134399;
			remoteInfo = scaler;
		};
		93C257851B9BCCDB00134399 /* PBXContainerItemProxy */ = {
			isa = PBXContainerItemProxy;
			containerPortal = 93C2577B1B9BCCDB00134399 /* algorithm.xcodeproj */;
			proxyType = 2;
			remoteGlobalIDString = 9309550E1A4FB1FC00D09023;
			remoteInfo = algorithm_shared;
		};
		93C257871B9BCCDB00134399 /* PBXContainerItemProxy */ = {
			isa = PBXContainerItemProxy;
			containerPortal = 93C2577B1B9BCCDB00134399 /* algorithm.xcodeproj */;
			proxyType = 2;
			remoteGlobalIDString = 93C6B51519B22F5500A1CF93;
			remoteInfo = algorithm_static;
		};
		93C257891B9BCCDB00134399 /* PBXContainerItemProxy */ = {
			isa = PBXContainerItemProxy;
			containerPortal = 93C2577B1B9BCCDB00134399 /* algorithm.xcodeproj */;
			proxyType = 2;
			remoteGlobalIDString = 9397F58D1B647CAA00DFEDC9;
			remoteInfo = algorithm_ios;
		};
		93C2578B1B9BCCDB00134399 /* PBXContainerItemProxy */ = {
			isa = PBXContainerItemProxy;
			containerPortal = 93C2577B1B9BCCDB00134399 /* algorithm.xcodeproj */;
			proxyType = 2;
			remoteGlobalIDString = 93F1B9F6180282B0002A5A5C;
			remoteInfo = algorithm_test;
		};
		93C257911B9BCCDB00134399 /* PBXContainerItemProxy */ = {
			isa = PBXContainerItemProxy;
			containerPortal = 93C2577E1B9BCCDB00134399 /* math.xcodeproj */;
			proxyType = 2;
			remoteGlobalIDString = 9309550E1A4FB1FC00D09023;
			remoteInfo = math_shared;
		};
		93C257931B9BCCDB00134399 /* PBXContainerItemProxy */ = {
			isa = PBXContainerItemProxy;
			containerPortal = 93C2577E1B9BCCDB00134399 /* math.xcodeproj */;
			proxyType = 2;
			remoteGlobalIDString = 93C6B51519B22F5500A1CF93;
			remoteInfo = math_static;
		};
		93C257951B9BCCDB00134399 /* PBXContainerItemProxy */ = {
			isa = PBXContainerItemProxy;
			containerPortal = 93C2577E1B9BCCDB00134399 /* math.xcodeproj */;
			proxyType = 2;
			remoteGlobalIDString = 93F858331B564DB200C32E8D;
			remoteInfo = math_ios;
		};
		93C257971B9BCCDB00134399 /* PBXContainerItemProxy */ = {
			isa = PBXContainerItemProxy;
			containerPortal = 93C2577E1B9BCCDB00134399 /* math.xcodeproj */;
			proxyType = 2;
			remoteGlobalIDString = 93F1B9F6180282B0002A5A5C;
			remoteInfo = math_test;
		};
/* End PBXContainerItemProxy section */

/* Begin PBXCopyFilesBuildPhase section */
		93C257E11B9DDC7A00134399 /* CopyFiles */ = {
			isa = PBXCopyFilesBuildPhase;
			buildActionMask = 2147483647;
			dstPath = /usr/share/man/man1/;
			dstSubfolderSpec = 0;
			files = (
			);
			runOnlyForDeploymentPostprocessing = 1;
		};
/* End PBXCopyFilesBuildPhase section */

/* Begin PBXFileReference section */
		931043F71B94184F00DAC200 /* glyph.cc */ = {isa = PBXFileReference; fileEncoding = 4; lastKnownFileType = sourcecode.cpp.cpp; path = glyph.cc; sourceTree = "<group>"; };
		933162C71B92C3F3009FFC7C /* font_info.h */ = {isa = PBXFileReference; lastKnownFileType = sourcecode.c.h; path = font_info.h; sourceTree = "<group>"; };
		933162D61B92C58F009FFC7C /* font_info.cc */ = {isa = PBXFileReference; fileEncoding = 4; lastKnownFileType = sourcecode.cpp.cpp; path = font_info.cc; sourceTree = "<group>"; };
		933162DA1B92CB6A009FFC7C /* optional.h */ = {isa = PBXFileReference; lastKnownFileType = sourcecode.c.h; lineEnding = 0; path = optional.h; sourceTree = "<group>"; xcLanguageSpecificationIdentifier = xcode.lang.objcpp; };
		933162DB1B92D901009FFC7C /* gasp_range_record.h */ = {isa = PBXFileReference; lastKnownFileType = sourcecode.c.h; path = gasp_range_record.h; sourceTree = "<group>"; };
		933162DD1B92D901009FFC7C /* name_record.h */ = {isa = PBXFileReference; lastKnownFileType = sourcecode.c.h; path = name_record.h; sourceTree = "<group>"; };
		933162ED1B92D9F2009FFC7C /* copyright.h */ = {isa = PBXFileReference; fileEncoding = 4; lastKnownFileType = sourcecode.c.h; name = copyright.h; path = src/token/ufo/woff/metadata/copyright.h; sourceTree = SOURCE_ROOT; };
		933162EE1B92D9F2009FFC7C /* credit.h */ = {isa = PBXFileReference; fileEncoding = 4; lastKnownFileType = sourcecode.c.h; name = credit.h; path = src/token/ufo/woff/metadata/credit.h; sourceTree = SOURCE_ROOT; };
		933162EF1B92D9F2009FFC7C /* credits.h */ = {isa = PBXFileReference; fileEncoding = 4; lastKnownFileType = sourcecode.c.h; name = credits.h; path = src/token/ufo/woff/metadata/credits.h; sourceTree = SOURCE_ROOT; };
		933162F01B92D9F2009FFC7C /* description.h */ = {isa = PBXFileReference; fileEncoding = 4; lastKnownFileType = sourcecode.c.h; name = description.h; path = src/token/ufo/woff/metadata/description.h; sourceTree = SOURCE_ROOT; };
		933162F11B92D9F2009FFC7C /* extension.h */ = {isa = PBXFileReference; fileEncoding = 4; lastKnownFileType = sourcecode.c.h; name = extension.h; path = src/token/ufo/woff/metadata/extension.h; sourceTree = SOURCE_ROOT; };
		933162F21B92D9F2009FFC7C /* extension_item.h */ = {isa = PBXFileReference; fileEncoding = 4; lastKnownFileType = sourcecode.c.h; name = extension_item.h; path = src/token/ufo/woff/metadata/extension_item.h; sourceTree = SOURCE_ROOT; };
		933162F31B92D9F2009FFC7C /* extension_name.h */ = {isa = PBXFileReference; fileEncoding = 4; lastKnownFileType = sourcecode.c.h; name = extension_name.h; path = src/token/ufo/woff/metadata/extension_name.h; sourceTree = SOURCE_ROOT; };
		933162F41B92D9F2009FFC7C /* extension_value.h */ = {isa = PBXFileReference; fileEncoding = 4; lastKnownFileType = sourcecode.c.h; name = extension_value.h; path = src/token/ufo/woff/metadata/extension_value.h; sourceTree = SOURCE_ROOT; };
		933162F51B92D9F2009FFC7C /* license.h */ = {isa = PBXFileReference; fileEncoding = 4; lastKnownFileType = sourcecode.c.h; name = license.h; path = src/token/ufo/woff/metadata/license.h; sourceTree = SOURCE_ROOT; };
		933162F61B92D9F2009FFC7C /* licensee.h */ = {isa = PBXFileReference; fileEncoding = 4; lastKnownFileType = sourcecode.c.h; name = licensee.h; path = src/token/ufo/woff/metadata/licensee.h; sourceTree = SOURCE_ROOT; };
		933162F71B92D9F2009FFC7C /* text.h */ = {isa = PBXFileReference; fileEncoding = 4; lastKnownFileType = sourcecode.c.h; name = text.h; path = src/token/ufo/woff/metadata/text.h; sourceTree = SOURCE_ROOT; };
		933162F81B92D9F2009FFC7C /* trademark.h */ = {isa = PBXFileReference; fileEncoding = 4; lastKnownFileType = sourcecode.c.h; name = trademark.h; path = src/token/ufo/woff/metadata/trademark.h; sourceTree = SOURCE_ROOT; };
		933162F91B92D9F2009FFC7C /* unique_id.h */ = {isa = PBXFileReference; fileEncoding = 4; lastKnownFileType = sourcecode.c.h; name = unique_id.h; path = src/token/ufo/woff/metadata/unique_id.h; sourceTree = SOURCE_ROOT; };
		933162FA1B92D9F2009FFC7C /* vendor.h */ = {isa = PBXFileReference; fileEncoding = 4; lastKnownFileType = sourcecode.c.h; name = vendor.h; path = src/token/ufo/woff/metadata/vendor.h; sourceTree = SOURCE_ROOT; };
		933162FB1B92DA60009FFC7C /* woff.h */ = {isa = PBXFileReference; lastKnownFileType = sourcecode.c.h; path = woff.h; sourceTree = "<group>"; };
		93346DD81B95958200BDC3C9 /* TKNTypefaceUnit.h */ = {isa = PBXFileReference; lastKnownFileType = sourcecode.c.h; path = TKNTypefaceUnit.h; sourceTree = "<group>"; };
		9337DC231B8C12250070814C /* xml.h */ = {isa = PBXFileReference; fileEncoding = 4; lastKnownFileType = sourcecode.c.h; path = xml.h; sourceTree = "<group>"; };
		9337DC441B8D671B0070814C /* glyph_outline.h */ = {isa = PBXFileReference; lastKnownFileType = sourcecode.c.h; path = glyph_outline.h; sourceTree = "<group>"; };
		9337DC531B8D67F20070814C /* glyph_outline.cc */ = {isa = PBXFileReference; fileEncoding = 4; lastKnownFileType = sourcecode.cpp.cpp; path = glyph_outline.cc; sourceTree = "<group>"; };
		933A614F1BC8C95000C600C5 /* Main.storyboard */ = {isa = PBXFileReference; fileEncoding = 4; lastKnownFileType = file.storyboard; path = Main.storyboard; sourceTree = "<group>"; };
		9349561E1B8D8820000FD457 /* glyphs.h */ = {isa = PBXFileReference; lastKnownFileType = sourcecode.c.h; path = glyphs.h; sourceTree = "<group>"; };
		9349562D1B8D8B17000FD457 /* glyphs.cc */ = {isa = PBXFileReference; fileEncoding = 4; lastKnownFileType = sourcecode.cpp.cpp; path = glyphs.cc; sourceTree = "<group>"; };
		9349563C1B8EEF0E000FD457 /* glyph_iterator.h */ = {isa = PBXFileReference; lastKnownFileType = sourcecode.c.h; lineEnding = 0; path = glyph_iterator.h; sourceTree = "<group>"; xcLanguageSpecificationIdentifier = xcode.lang.objcpp; };
		93563AAB1B674487004C47E4 /* graphics.xcodeproj */ = {isa = PBXFileReference; lastKnownFileType = "wrapper.pb-project"; name = graphics.xcodeproj; path = "lib/takram-graphics/graphics.xcodeproj"; sourceTree = "<group>"; };
		935DDCDD1BEB0E7D0070F741 /* LayerBackedView.swift */ = {isa = PBXFileReference; fileEncoding = 4; lastKnownFileType = sourcecode.swift; path = LayerBackedView.swift; sourceTree = "<group>"; };
		935DDCEA1BEB0F490070F741 /* Token-Bridging-Header.h */ = {isa = PBXFileReference; lastKnownFileType = sourcecode.c.h; path = "Token-Bridging-Header.h"; sourceTree = "<group>"; };
		935DDCEB1BEB102D0070F741 /* NumberToPercentageTransformer.swift */ = {isa = PBXFileReference; fileEncoding = 4; lastKnownFileType = sourcecode.swift; path = NumberToPercentageTransformer.swift; sourceTree = "<group>"; };
		935DDCED1BEB125C0070F741 /* NSBezierPath+RoundedRect.swift */ = {isa = PBXFileReference; fileEncoding = 4; lastKnownFileType = sourcecode.swift; path = "NSBezierPath+RoundedRect.swift"; sourceTree = "<group>"; };
		935DDCEF1BEB1A160070F741 /* RectCorners.swift */ = {isa = PBXFileReference; fileEncoding = 4; lastKnownFileType = sourcecode.swift; path = RectCorners.swift; sourceTree = "<group>"; };
		935DDCF11BEB228F0070F741 /* ZeroSplitView.swift */ = {isa = PBXFileReference; fileEncoding = 4; lastKnownFileType = sourcecode.swift; path = ZeroSplitView.swift; sourceTree = "<group>"; };
		935DDCF31BEB23460070F741 /* BackgroundView.swift */ = {isa = PBXFileReference; fileEncoding = 4; lastKnownFileType = sourcecode.swift; path = BackgroundView.swift; sourceTree = "<group>"; };
		935DDCF51BEB23DC0070F741 /* BackgroundTextField.swift */ = {isa = PBXFileReference; fileEncoding = 4; lastKnownFileType = sourcecode.swift; path = BackgroundTextField.swift; sourceTree = "<group>"; };
		935DDCF71BEB24550070F741 /* BackgroundImageView.swift */ = {isa = PBXFileReference; fileEncoding = 4; lastKnownFileType = sourcecode.swift; path = BackgroundImageView.swift; sourceTree = "<group>"; };
		935DDCFB1BEB25220070F741 /* RoundedButtonCell.swift */ = {isa = PBXFileReference; fileEncoding = 4; lastKnownFileType = sourcecode.swift; path = RoundedButtonCell.swift; sourceTree = "<group>"; };
		935DDCFD1BEB2ACF0070F741 /* DefaultRoundedButtonCell.swift */ = {isa = PBXFileReference; fileEncoding = 4; lastKnownFileType = sourcecode.swift; path = DefaultRoundedButtonCell.swift; sourceTree = "<group>"; };
		935DDCFF1BEB37BA0070F741 /* NumericTextField.swift */ = {isa = PBXFileReference; fileEncoding = 4; lastKnownFileType = sourcecode.swift; path = NumericTextField.swift; sourceTree = "<group>"; };
		936839A91B9E925200E21EF7 /* glif.h */ = {isa = PBXFileReference; lastKnownFileType = sourcecode.c.h; path = glif.h; sourceTree = "<group>"; };
		936839AA1B9E931D00E21EF7 /* guideline.cc */ = {isa = PBXFileReference; fileEncoding = 4; lastKnownFileType = sourcecode.cpp.cpp; path = guideline.cc; sourceTree = "<group>"; };
		936839AB1B9E931D00E21EF7 /* guideline.h */ = {isa = PBXFileReference; fileEncoding = 4; lastKnownFileType = sourcecode.c.h; path = guideline.h; sourceTree = "<group>"; };
		936D38031BA1CEDA0058F7B1 /* TKNWelcomeSheet.h */ = {isa = PBXFileReference; fileEncoding = 4; lastKnownFileType = sourcecode.c.h; path = TKNWelcomeSheet.h; sourceTree = "<group>"; };
		936D38041BA1CEDA0058F7B1 /* TKNWelcomeSheet.m */ = {isa = PBXFileReference; fileEncoding = 4; lastKnownFileType = sourcecode.c.objc; path = TKNWelcomeSheet.m; sourceTree = "<group>"; };
		93714B491B996C7E0077B273 /* lib.h */ = {isa = PBXFileReference; lastKnownFileType = sourcecode.c.h; path = lib.h; sourceTree = "<group>"; };
		93714B5F1B996EA70077B273 /* lib.cc */ = {isa = PBXFileReference; fileEncoding = 4; lastKnownFileType = sourcecode.cpp.cpp; path = lib.cc; sourceTree = "<group>"; };
		9375FA541B9DDCD900559480 /* scaler.mm */ = {isa = PBXFileReference; fileEncoding = 4; lastKnownFileType = sourcecode.cpp.objcpp; name = scaler.mm; path = objc/scaler.mm; sourceTree = SOURCE_ROOT; };
		9381EE561B91B20000807B1B /* TKNApplicationDelegate.h */ = {isa = PBXFileReference; fileEncoding = 4; lastKnownFileType = sourcecode.c.h; path = TKNApplicationDelegate.h; sourceTree = "<group>"; };
		9381EE571B91B20000807B1B /* TKNApplicationDelegate.m */ = {isa = PBXFileReference; fileEncoding = 4; lastKnownFileType = sourcecode.c.objc; path = TKNApplicationDelegate.m; sourceTree = "<group>"; };
		9383794A1B962D47003E6893 /* TKNTypeface.h */ = {isa = PBXFileReference; fileEncoding = 4; lastKnownFileType = sourcecode.c.h; path = TKNTypeface.h; sourceTree = "<group>"; };
		9383794B1B962D47003E6893 /* TKNTypeface.mm */ = {isa = PBXFileReference; fileEncoding = 4; lastKnownFileType = sourcecode.cpp.objcpp; path = TKNTypeface.mm; sourceTree = "<group>"; };
		9390CBF41B95328D0088153C /* Credits.rtf */ = {isa = PBXFileReference; fileEncoding = 4; lastKnownFileType = text.rtf; path = Credits.rtf; sourceTree = "<group>"; };
		93982FB81BA3C8D300438BDA /* TKNMultilineTextField.h */ = {isa = PBXFileReference; fileEncoding = 4; lastKnownFileType = sourcecode.c.h; path = TKNMultilineTextField.h; sourceTree = "<group>"; };
		93982FB91BA3C8D300438BDA /* TKNMultilineTextField.m */ = {isa = PBXFileReference; fileEncoding = 4; lastKnownFileType = sourcecode.c.objc; path = TKNMultilineTextField.m; sourceTree = "<group>"; };
		93982FBB1BA3D5F000438BDA /* AdobeFDKLicense.rtf */ = {isa = PBXFileReference; fileEncoding = 4; lastKnownFileType = text.rtf; path = AdobeFDKLicense.rtf; sourceTree = "<group>"; };
		93982FBD1BA4104500438BDA /* TKNFilePaths.h */ = {isa = PBXFileReference; fileEncoding = 4; lastKnownFileType = sourcecode.c.h; path = TKNFilePaths.h; sourceTree = "<group>"; };
		93982FBE1BA4104500438BDA /* TKNFilePaths.m */ = {isa = PBXFileReference; fileEncoding = 4; lastKnownFileType = sourcecode.c.objc; path = TKNFilePaths.m; sourceTree = "<group>"; };
		939918081BA1734100061130 /* TKNWelcomeSheetController.h */ = {isa = PBXFileReference; fileEncoding = 4; lastKnownFileType = sourcecode.c.h; path = TKNWelcomeSheetController.h; sourceTree = "<group>"; };
		939918091BA1734100061130 /* TKNWelcomeSheetController.m */ = {isa = PBXFileReference; fileEncoding = 4; lastKnownFileType = sourcecode.c.objc; path = TKNWelcomeSheetController.m; sourceTree = "<group>"; };
		9399180A1BA1734100061130 /* TKNWelcomeSheetController.xib */ = {isa = PBXFileReference; fileEncoding = 4; lastKnownFileType = file.xib; path = TKNWelcomeSheetController.xib; sourceTree = "<group>"; };
		939FDF181C1F62CD00B0DECD /* SettingsViewController.swift */ = {isa = PBXFileReference; fileEncoding = 4; lastKnownFileType = sourcecode.swift; path = SettingsViewController.swift; sourceTree = "<group>"; };
		939FDF1A1C1F630D00B0DECD /* ControlView.swift */ = {isa = PBXFileReference; fileEncoding = 4; lastKnownFileType = sourcecode.swift; path = ControlView.swift; sourceTree = "<group>"; };
		939FDF1C1C1F635800B0DECD /* CenteredClipView.swift */ = {isa = PBXFileReference; fileEncoding = 4; lastKnownFileType = sourcecode.swift; path = CenteredClipView.swift; sourceTree = "<group>"; };
		93A05ADE1B9B8A4A002DDAD5 /* afdko.h */ = {isa = PBXFileReference; fileEncoding = 4; lastKnownFileType = sourcecode.c.h; path = afdko.h; sourceTree = "<group>"; };
		93A05AE91B9B8A6B002DDAD5 /* makeotf.cc */ = {isa = PBXFileReference; fileEncoding = 4; lastKnownFileType = sourcecode.cpp.cpp; path = makeotf.cc; sourceTree = "<group>"; };
		93A05AEA1B9B8A6B002DDAD5 /* makeotf.h */ = {isa = PBXFileReference; fileEncoding = 4; lastKnownFileType = sourcecode.c.h; path = makeotf.h; sourceTree = "<group>"; };
		93A05AEE1B9B914A002DDAD5 /* typeface */ = {isa = PBXFileReference; lastKnownFileType = folder; path = typeface; sourceTree = SOURCE_ROOT; };
		93A05AF01B9B9B98002DDAD5 /* autohint.cc */ = {isa = PBXFileReference; fileEncoding = 4; lastKnownFileType = sourcecode.cpp.cpp; path = autohint.cc; sourceTree = "<group>"; };
		93A05AF11B9B9B98002DDAD5 /* autohint.h */ = {isa = PBXFileReference; fileEncoding = 4; lastKnownFileType = sourcecode.c.h; path = autohint.h; sourceTree = "<group>"; };
		93A224941B7B1FD200CB1DBB /* advance.h */ = {isa = PBXFileReference; fileEncoding = 4; lastKnownFileType = sourcecode.c.h; lineEnding = 0; path = advance.h; sourceTree = "<group>"; xcLanguageSpecificationIdentifier = xcode.lang.objcpp; };
		93A224951B7B1FD200CB1DBB /* anchor.h */ = {isa = PBXFileReference; fileEncoding = 4; lastKnownFileType = sourcecode.c.h; lineEnding = 0; path = anchor.h; sourceTree = "<group>"; xcLanguageSpecificationIdentifier = xcode.lang.objcpp; };
		93A224961B7B1FD200CB1DBB /* component.h */ = {isa = PBXFileReference; fileEncoding = 4; lastKnownFileType = sourcecode.c.h; lineEnding = 0; path = component.h; sourceTree = "<group>"; xcLanguageSpecificationIdentifier = xcode.lang.objcpp; };
		93A224971B7B1FD200CB1DBB /* contour.h */ = {isa = PBXFileReference; fileEncoding = 4; lastKnownFileType = sourcecode.c.h; lineEnding = 0; path = contour.h; sourceTree = "<group>"; xcLanguageSpecificationIdentifier = xcode.lang.objcpp; };
		93A224981B7B1FD200CB1DBB /* glyph.h */ = {isa = PBXFileReference; fileEncoding = 4; lastKnownFileType = sourcecode.c.h; lineEnding = 0; path = glyph.h; sourceTree = "<group>"; xcLanguageSpecificationIdentifier = xcode.lang.objcpp; };
		93A224991B7B1FD200CB1DBB /* guideline.h */ = {isa = PBXFileReference; fileEncoding = 4; lastKnownFileType = sourcecode.c.h; lineEnding = 0; path = guideline.h; sourceTree = "<group>"; xcLanguageSpecificationIdentifier = xcode.lang.objcpp; };
		93A2249A1B7B1FD200CB1DBB /* image.h */ = {isa = PBXFileReference; fileEncoding = 4; lastKnownFileType = sourcecode.c.h; lineEnding = 0; path = image.h; sourceTree = "<group>"; xcLanguageSpecificationIdentifier = xcode.lang.objcpp; };
		93A2249B1B7B1FD200CB1DBB /* outline.h */ = {isa = PBXFileReference; fileEncoding = 4; lastKnownFileType = sourcecode.c.h; lineEnding = 0; path = outline.h; sourceTree = "<group>"; xcLanguageSpecificationIdentifier = xcode.lang.objcpp; };
		93A2249C1B7B1FD200CB1DBB /* point.h */ = {isa = PBXFileReference; fileEncoding = 4; lastKnownFileType = sourcecode.c.h; lineEnding = 0; path = point.h; sourceTree = "<group>"; xcLanguageSpecificationIdentifier = xcode.lang.objcpp; };
		93A2249D1B7B1FD200CB1DBB /* unicode.h */ = {isa = PBXFileReference; fileEncoding = 4; lastKnownFileType = sourcecode.c.h; lineEnding = 0; path = unicode.h; sourceTree = "<group>"; xcLanguageSpecificationIdentifier = xcode.lang.objcpp; };
		93A224A31B7B1FD200CB1DBB /* ufo.h */ = {isa = PBXFileReference; fileEncoding = 4; lastKnownFileType = sourcecode.c.h; path = ufo.h; sourceTree = "<group>"; };
		93AB70411BA5D9FA004EB3C8 /* check_outlines.cc */ = {isa = PBXFileReference; fileEncoding = 4; lastKnownFileType = sourcecode.cpp.cpp; path = check_outlines.cc; sourceTree = "<group>"; };
		93AB70421BA5D9FA004EB3C8 /* check_outlines.h */ = {isa = PBXFileReference; fileEncoding = 4; lastKnownFileType = sourcecode.c.h; path = check_outlines.h; sourceTree = "<group>"; };
		93B4749E1B64CF8800613FB6 /* product.xcconfig */ = {isa = PBXFileReference; lastKnownFileType = text.xcconfig; name = product.xcconfig; path = config/product.xcconfig; sourceTree = SOURCE_ROOT; };
		93B7634B1B91B268009CA8B0 /* TKNMainWindowController.h */ = {isa = PBXFileReference; fileEncoding = 4; lastKnownFileType = sourcecode.c.h; path = TKNMainWindowController.h; sourceTree = "<group>"; };
		93B7634C1B91B268009CA8B0 /* TKNMainWindowController.m */ = {isa = PBXFileReference; fileEncoding = 4; lastKnownFileType = sourcecode.c.objc; path = TKNMainWindowController.m; sourceTree = "<group>"; };
		93B7635E1B91B332009CA8B0 /* main.m */ = {isa = PBXFileReference; fileEncoding = 4; lastKnownFileType = sourcecode.c.objc; path = main.m; sourceTree = "<group>"; };
		93C18F471B9307930044AAEB /* property_list.h */ = {isa = PBXFileReference; lastKnownFileType = sourcecode.c.h; path = property_list.h; sourceTree = "<group>"; };
		93C18F481B93089D0044AAEB /* property_list.cc */ = {isa = PBXFileReference; fileEncoding = 4; lastKnownFileType = sourcecode.cpp.cpp; path = property_list.cc; sourceTree = "<group>"; };
		93C18F841B930D430044AAEB /* copyright.cc */ = {isa = PBXFileReference; fileEncoding = 4; lastKnownFileType = sourcecode.cpp.cpp; path = copyright.cc; sourceTree = "<group>"; };
		93C18F851B930D430044AAEB /* credit.cc */ = {isa = PBXFileReference; fileEncoding = 4; lastKnownFileType = sourcecode.cpp.cpp; path = credit.cc; sourceTree = "<group>"; };
		93C18F861B930D430044AAEB /* credits.cc */ = {isa = PBXFileReference; fileEncoding = 4; lastKnownFileType = sourcecode.cpp.cpp; path = credits.cc; sourceTree = "<group>"; };
		93C18F871B930D440044AAEB /* description.cc */ = {isa = PBXFileReference; fileEncoding = 4; lastKnownFileType = sourcecode.cpp.cpp; path = description.cc; sourceTree = "<group>"; };
		93C18F881B930D440044AAEB /* extension_item.cc */ = {isa = PBXFileReference; fileEncoding = 4; lastKnownFileType = sourcecode.cpp.cpp; path = extension_item.cc; sourceTree = "<group>"; };
		93C18F891B930D440044AAEB /* extension_name.cc */ = {isa = PBXFileReference; fileEncoding = 4; lastKnownFileType = sourcecode.cpp.cpp; path = extension_name.cc; sourceTree = "<group>"; };
		93C18F8A1B930D440044AAEB /* extension_value.cc */ = {isa = PBXFileReference; fileEncoding = 4; lastKnownFileType = sourcecode.cpp.cpp; path = extension_value.cc; sourceTree = "<group>"; };
		93C18F8B1B930D440044AAEB /* extension.cc */ = {isa = PBXFileReference; fileEncoding = 4; lastKnownFileType = sourcecode.cpp.cpp; path = extension.cc; sourceTree = "<group>"; };
		93C18F8C1B930D440044AAEB /* license.cc */ = {isa = PBXFileReference; fileEncoding = 4; lastKnownFileType = sourcecode.cpp.cpp; path = license.cc; sourceTree = "<group>"; };
		93C18F8D1B930D440044AAEB /* licensee.cc */ = {isa = PBXFileReference; fileEncoding = 4; lastKnownFileType = sourcecode.cpp.cpp; path = licensee.cc; sourceTree = "<group>"; };
		93C18F8E1B930D440044AAEB /* text.cc */ = {isa = PBXFileReference; fileEncoding = 4; lastKnownFileType = sourcecode.cpp.cpp; path = text.cc; sourceTree = "<group>"; };
		93C18F8F1B930D440044AAEB /* trademark.cc */ = {isa = PBXFileReference; fileEncoding = 4; lastKnownFileType = sourcecode.cpp.cpp; path = trademark.cc; sourceTree = "<group>"; };
		93C18F901B930D440044AAEB /* unique_id.cc */ = {isa = PBXFileReference; fileEncoding = 4; lastKnownFileType = sourcecode.cpp.cpp; path = unique_id.cc; sourceTree = "<group>"; };
		93C18F911B930D440044AAEB /* vendor.cc */ = {isa = PBXFileReference; fileEncoding = 4; lastKnownFileType = sourcecode.cpp.cpp; path = vendor.cc; sourceTree = "<group>"; };
		93C18FBC1B930E0D0044AAEB /* gasp_range_record.cc */ = {isa = PBXFileReference; fileEncoding = 4; lastKnownFileType = sourcecode.cpp.cpp; path = gasp_range_record.cc; sourceTree = "<group>"; };
		93C18FBD1B930E0D0044AAEB /* name_record.cc */ = {isa = PBXFileReference; fileEncoding = 4; lastKnownFileType = sourcecode.cpp.cpp; path = name_record.cc; sourceTree = "<group>"; };
		93C18FCD1B93561B0044AAEB /* plist.h */ = {isa = PBXFileReference; lastKnownFileType = sourcecode.c.h; path = plist.h; sourceTree = "<group>"; };
		93C257481B9B9E4F00134399 /* TKNTypefaceUnit.m */ = {isa = PBXFileReference; fileEncoding = 4; lastKnownFileType = sourcecode.c.objc; path = TKNTypefaceUnit.m; sourceTree = "<group>"; };
		93C2577B1B9BCCDB00134399 /* algorithm.xcodeproj */ = {isa = PBXFileReference; lastKnownFileType = "wrapper.pb-project"; name = algorithm.xcodeproj; path = "lib/takram-algorithm/algorithm.xcodeproj"; sourceTree = "<group>"; };
		93C2577E1B9BCCDB00134399 /* math.xcodeproj */ = {isa = PBXFileReference; lastKnownFileType = "wrapper.pb-project"; name = math.xcodeproj; path = "lib/takram-math/math.xcodeproj"; sourceTree = "<group>"; };
		93C257AD1B9C5AB700134399 /* TKNZoomIn.pdf */ = {isa = PBXFileReference; lastKnownFileType = image.pdf; path = TKNZoomIn.pdf; sourceTree = "<group>"; };
		93C257AE1B9C5AB700134399 /* TKNZoomOut.pdf */ = {isa = PBXFileReference; lastKnownFileType = image.pdf; path = TKNZoomOut.pdf; sourceTree = "<group>"; };
		93C257C31B9C96D900134399 /* TKNInvert.pdf */ = {isa = PBXFileReference; lastKnownFileType = image.pdf; path = TKNInvert.pdf; sourceTree = "<group>"; };
		93C257C51B9C99F700134399 /* TKNOutline.pdf */ = {isa = PBXFileReference; lastKnownFileType = image.pdf; path = TKNOutline.pdf; sourceTree = "<group>"; };
		93C257E31B9DDC7A00134399 /* scaler */ = {isa = PBXFileReference; explicitFileType = "compiled.mach-o.executable"; includeInIndex = 0; path = scaler; sourceTree = BUILT_PRODUCTS_DIR; };
		93C771A51B95482100914AD9 /* TKNTypefaceView.h */ = {isa = PBXFileReference; fileEncoding = 4; lastKnownFileType = sourcecode.c.h; path = TKNTypefaceView.h; sourceTree = "<group>"; };
		93C771A61B95482100914AD9 /* TKNTypefaceView.m */ = {isa = PBXFileReference; fileEncoding = 4; lastKnownFileType = sourcecode.c.objc; path = TKNTypefaceView.m; sourceTree = "<group>"; };
		93D268541B95491D008AB659 /* TKNTypefaceViewController.h */ = {isa = PBXFileReference; fileEncoding = 4; lastKnownFileType = sourcecode.c.h; path = TKNTypefaceViewController.h; sourceTree = "<group>"; };
		93D268551B95491D008AB659 /* TKNTypefaceViewController.m */ = {isa = PBXFileReference; fileEncoding = 4; lastKnownFileType = sourcecode.c.objc; path = TKNTypefaceViewController.m; sourceTree = "<group>"; };
		93D70ECF1C2DA7AF003C6F2B /* MultilineTextField.swift */ = {isa = PBXFileReference; fileEncoding = 4; lastKnownFileType = sourcecode.swift; path = MultilineTextField.swift; sourceTree = "<group>"; };
		93D70EDC1C2DA991003C6F2B /* WelcomeSheet.swift */ = {isa = PBXFileReference; fileEncoding = 4; lastKnownFileType = sourcecode.swift; path = WelcomeSheet.swift; sourceTree = "<group>"; };
		93D70EE01C2DAAF2003C6F2B /* ApplicationDelegate.swift */ = {isa = PBXFileReference; fileEncoding = 4; lastKnownFileType = sourcecode.swift; path = ApplicationDelegate.swift; sourceTree = "<group>"; };
		93D70EE21C2DAB0A003C6F2B /* MainWindowController.swift */ = {isa = PBXFileReference; fileEncoding = 4; lastKnownFileType = sourcecode.swift; path = MainWindowController.swift; sourceTree = "<group>"; };
		93D70EE41C2DAB1A003C6F2B /* MainViewController.swift */ = {isa = PBXFileReference; fileEncoding = 4; lastKnownFileType = sourcecode.swift; path = MainViewController.swift; sourceTree = "<group>"; };
		93E209661BB3AAC100C76B70 /* TKNCapHeightTemplate.pdf */ = {isa = PBXFileReference; lastKnownFileType = image.pdf; path = TKNCapHeightTemplate.pdf; sourceTree = "<group>"; };
		93E209671BB3AAC100C76B70 /* TKNStrokeWidthTemplate.pdf */ = {isa = PBXFileReference; lastKnownFileType = image.pdf; path = TKNStrokeWidthTemplate.pdf; sourceTree = "<group>"; };
		93E5FF151B915970006E968A /* glyph_stroker.cc */ = {isa = PBXFileReference; fileEncoding = 4; lastKnownFileType = sourcecode.cpp.cpp; path = glyph_stroker.cc; sourceTree = "<group>"; };
		93E5FF161B915970006E968A /* glyph_stroker.h */ = {isa = PBXFileReference; fileEncoding = 4; lastKnownFileType = sourcecode.c.h; lineEnding = 0; path = glyph_stroker.h; sourceTree = "<group>"; xcLanguageSpecificationIdentifier = xcode.lang.objcpp; };
		93F859251B575DCC00C32E8D /* osx.plist */ = {isa = PBXFileReference; lastKnownFileType = text.plist.xml; name = osx.plist; path = config/osx.plist; sourceTree = SOURCE_ROOT; };
		93F859271B575DCC00C32E8D /* project_debug.xcconfig */ = {isa = PBXFileReference; lastKnownFileType = text.xcconfig; name = project_debug.xcconfig; path = config/project_debug.xcconfig; sourceTree = SOURCE_ROOT; };
		93F859281B575DCC00C32E8D /* project_release.xcconfig */ = {isa = PBXFileReference; lastKnownFileType = text.xcconfig; name = project_release.xcconfig; path = config/project_release.xcconfig; sourceTree = SOURCE_ROOT; };
		93F859291B575DCC00C32E8D /* project.xcconfig */ = {isa = PBXFileReference; lastKnownFileType = text.xcconfig; name = project.xcconfig; path = config/project.xcconfig; sourceTree = SOURCE_ROOT; };
		93F9134C1BC8CD29008D1EE5 /* TKNMainViewController.h */ = {isa = PBXFileReference; fileEncoding = 4; lastKnownFileType = sourcecode.c.h; path = TKNMainViewController.h; sourceTree = "<group>"; };
		93F9134D1BC8CD29008D1EE5 /* TKNMainViewController.m */ = {isa = PBXFileReference; fileEncoding = 4; lastKnownFileType = sourcecode.c.objc; path = TKNMainViewController.m; sourceTree = "<group>"; };
		93FEF94E1AD97263009D0646 /* Token.app */ = {isa = PBXFileReference; explicitFileType = wrapper.application; includeInIndex = 0; path = Token.app; sourceTree = BUILT_PRODUCTS_DIR; };
/* End PBXFileReference section */

/* Begin PBXFrameworksBuildPhase section */
		93C257E01B9DDC7A00134399 /* Frameworks */ = {
			isa = PBXFrameworksBuildPhase;
			buildActionMask = 2147483647;
			files = (
				9368398D1B9E7B4400E21EF7 /* libtakram_graphics.a in Frameworks */,
			);
			runOnlyForDeploymentPostprocessing = 0;
		};
		93FEF94B1AD97263009D0646 /* Frameworks */ = {
			isa = PBXFrameworksBuildPhase;
			buildActionMask = 2147483647;
			files = (
				93563ACC1B6744CD004C47E4 /* libtakram_graphics.a in Frameworks */,
			);
			runOnlyForDeploymentPostprocessing = 0;
		};
/* End PBXFrameworksBuildPhase section */

/* Begin PBXGroup section */
		930125B01BC8E25B0004DE27 /* Shared */ = {
			isa = PBXGroup;
			children = (
				935DDCDD1BEB0E7D0070F741 /* LayerBackedView.swift */,
				935DDCEB1BEB102D0070F741 /* NumberToPercentageTransformer.swift */,
				935DDCEF1BEB1A160070F741 /* RectCorners.swift */,
				935DDCED1BEB125C0070F741 /* NSBezierPath+RoundedRect.swift */,
			);
			name = Shared;
			sourceTree = "<group>";
		};
		930125B11BC8E2950004DE27 /* Model */ = {
			isa = PBXGroup;
			children = (
				9383794A1B962D47003E6893 /* TKNTypeface.h */,
				9383794B1B962D47003E6893 /* TKNTypeface.mm */,
				93346DD81B95958200BDC3C9 /* TKNTypefaceUnit.h */,
				93C257481B9B9E4F00134399 /* TKNTypefaceUnit.m */,
				93982FBD1BA4104500438BDA /* TKNFilePaths.h */,
				93982FBE1BA4104500438BDA /* TKNFilePaths.m */,
			);
			name = Model;
			sourceTree = "<group>";
		};
		931805A61BC8D2BA00E8A303 /* Welcome Sheet */ = {
			isa = PBXGroup;
			children = (
				939918081BA1734100061130 /* TKNWelcomeSheetController.h */,
				939918091BA1734100061130 /* TKNWelcomeSheetController.m */,
				9399180A1BA1734100061130 /* TKNWelcomeSheetController.xib */,
				936D38031BA1CEDA0058F7B1 /* TKNWelcomeSheet.h */,
				936D38041BA1CEDA0058F7B1 /* TKNWelcomeSheet.m */,
				93D70EDC1C2DA991003C6F2B /* WelcomeSheet.swift */,
				93982FB81BA3C8D300438BDA /* TKNMultilineTextField.h */,
				93982FB91BA3C8D300438BDA /* TKNMultilineTextField.m */,
				93D70ECF1C2DA7AF003C6F2B /* MultilineTextField.swift */,
			);
			name = "Welcome Sheet";
			sourceTree = "<group>";
		};
		931805A81BC8D34A00E8A303 /* Typeface View */ = {
			isa = PBXGroup;
			children = (
				93D268541B95491D008AB659 /* TKNTypefaceViewController.h */,
				93D268551B95491D008AB659 /* TKNTypefaceViewController.m */,
				93C771A51B95482100914AD9 /* TKNTypefaceView.h */,
				93C771A61B95482100914AD9 /* TKNTypefaceView.m */,
				939FDF1C1C1F635800B0DECD /* CenteredClipView.swift */,
				939FDF1A1C1F630D00B0DECD /* ControlView.swift */,
			);
			name = "Typeface View";
			sourceTree = "<group>";
		};
		931805A91BC8D35F00E8A303 /* Settings View */ = {
			isa = PBXGroup;
			children = (
				939FDF181C1F62CD00B0DECD /* SettingsViewController.swift */,
				935DDCF31BEB23460070F741 /* BackgroundView.swift */,
				935DDCF51BEB23DC0070F741 /* BackgroundTextField.swift */,
				935DDCF71BEB24550070F741 /* BackgroundImageView.swift */,
				935DDCFB1BEB25220070F741 /* RoundedButtonCell.swift */,
				935DDCFD1BEB2ACF0070F741 /* DefaultRoundedButtonCell.swift */,
				935DDCFF1BEB37BA0070F741 /* NumericTextField.swift */,
				935DDCF11BEB228F0070F741 /* ZeroSplitView.swift */,
			);
			name = "Settings View";
			sourceTree = "<group>";
		};
		933162EC1B92D9F2009FFC7C /* woff */ = {
			isa = PBXGroup;
			children = (
				93C18F381B92E1010044AAEB /* metadata */,
			);
			path = woff;
			sourceTree = "<group>";
		};
		9337DC071B8C027A0070814C /* test */ = {
			isa = PBXGroup;
			children = (
			);
			path = test;
			sourceTree = "<group>";
		};
		93563AAC1B674487004C47E4 /* Products */ = {
			isa = PBXGroup;
			children = (
				93563AB51B674487004C47E4 /* libtakram_graphics.dylib */,
				93563AB71B674487004C47E4 /* libtakram_graphics.a */,
				93563AB91B674487004C47E4 /* libtakram_graphics.a */,
				93563ABB1B674487004C47E4 /* takram_graphics_test */,
			);
			name = Products;
			sourceTree = "<group>";
		};
		936839A81B9E923900E21EF7 /* glif */ = {
			isa = PBXGroup;
			children = (
				93A224941B7B1FD200CB1DBB /* advance.h */,
				93A2249D1B7B1FD200CB1DBB /* unicode.h */,
				93A2249A1B7B1FD200CB1DBB /* image.h */,
				93A224991B7B1FD200CB1DBB /* guideline.h */,
				93A224951B7B1FD200CB1DBB /* anchor.h */,
				93A2249B1B7B1FD200CB1DBB /* outline.h */,
				93A224961B7B1FD200CB1DBB /* component.h */,
				93A224971B7B1FD200CB1DBB /* contour.h */,
				93A2249C1B7B1FD200CB1DBB /* point.h */,
				93714B491B996C7E0077B273 /* lib.h */,
				93714B5F1B996EA70077B273 /* lib.cc */,
			);
			path = glif;
			sourceTree = "<group>";
		};
		93A05ADD1B9B8A4A002DDAD5 /* afdko */ = {
			isa = PBXGroup;
			children = (
				93A05AEA1B9B8A6B002DDAD5 /* makeotf.h */,
				93A05AE91B9B8A6B002DDAD5 /* makeotf.cc */,
				93A05AF11B9B9B98002DDAD5 /* autohint.h */,
				93A05AF01B9B9B98002DDAD5 /* autohint.cc */,
				93AB70421BA5D9FA004EB3C8 /* check_outlines.h */,
				93AB70411BA5D9FA004EB3C8 /* check_outlines.cc */,
			);
			path = afdko;
			sourceTree = "<group>";
		};
		93A224921B7B1FD200CB1DBB /* ufo */ = {
			isa = PBXGroup;
			children = (
				933162C71B92C3F3009FFC7C /* font_info.h */,
				933162D61B92C58F009FFC7C /* font_info.cc */,
				9349561E1B8D8820000FD457 /* glyphs.h */,
				9349562D1B8D8B17000FD457 /* glyphs.cc */,
				9349563C1B8EEF0E000FD457 /* glyph_iterator.h */,
				93A224981B7B1FD200CB1DBB /* glyph.h */,
				931043F71B94184F00DAC200 /* glyph.cc */,
				936839A91B9E925200E21EF7 /* glif.h */,
				936839A81B9E923900E21EF7 /* glif */,
				933162DB1B92D901009FFC7C /* gasp_range_record.h */,
				93C18FBC1B930E0D0044AAEB /* gasp_range_record.cc */,
				933162DD1B92D901009FFC7C /* name_record.h */,
				93C18FBD1B930E0D0044AAEB /* name_record.cc */,
				936839AB1B9E931D00E21EF7 /* guideline.h */,
				936839AA1B9E931D00E21EF7 /* guideline.cc */,
				933162FB1B92DA60009FFC7C /* woff.h */,
				933162EC1B92D9F2009FFC7C /* woff */,
				9337DC231B8C12250070814C /* xml.h */,
				93C18FCD1B93561B0044AAEB /* plist.h */,
				93C18F471B9307930044AAEB /* property_list.h */,
				93C18F481B93089D0044AAEB /* property_list.cc */,
				933162DA1B92CB6A009FFC7C /* optional.h */,
			);
			path = ufo;
			sourceTree = "<group>";
		};
		93AB946C1B91B11D0038DCB4 /* objc */ = {
			isa = PBXGroup;
			children = (
				93B7635E1B91B332009CA8B0 /* main.m */,
				9375FA541B9DDCD900559480 /* scaler.mm */,
				935DDCEA1BEB0F490070F741 /* Token-Bridging-Header.h */,
				933A614F1BC8C95000C600C5 /* Main.storyboard */,
				9381EE561B91B20000807B1B /* TKNApplicationDelegate.h */,
				9381EE571B91B20000807B1B /* TKNApplicationDelegate.m */,
				93D70EE01C2DAAF2003C6F2B /* ApplicationDelegate.swift */,
				93B7634B1B91B268009CA8B0 /* TKNMainWindowController.h */,
				93B7634C1B91B268009CA8B0 /* TKNMainWindowController.m */,
				93D70EE21C2DAB0A003C6F2B /* MainWindowController.swift */,
				93F9134C1BC8CD29008D1EE5 /* TKNMainViewController.h */,
				93F9134D1BC8CD29008D1EE5 /* TKNMainViewController.m */,
				93D70EE41C2DAB1A003C6F2B /* MainViewController.swift */,
				930125B11BC8E2950004DE27 /* Model */,
				931805A61BC8D2BA00E8A303 /* Welcome Sheet */,
				931805A81BC8D34A00E8A303 /* Typeface View */,
				931805A91BC8D35F00E8A303 /* Settings View */,
				930125B01BC8E25B0004DE27 /* Shared */,
			);
			path = objc;
			sourceTree = "<group>";
		};
		93C18F381B92E1010044AAEB /* metadata */ = {
			isa = PBXGroup;
			children = (
				933162F91B92D9F2009FFC7C /* unique_id.h */,
				93C18F901B930D440044AAEB /* unique_id.cc */,
				933162FA1B92D9F2009FFC7C /* vendor.h */,
				93C18F911B930D440044AAEB /* vendor.cc */,
				933162EE1B92D9F2009FFC7C /* credit.h */,
				93C18F851B930D430044AAEB /* credit.cc */,
				933162EF1B92D9F2009FFC7C /* credits.h */,
				93C18F861B930D430044AAEB /* credits.cc */,
				933162F71B92D9F2009FFC7C /* text.h */,
				93C18F8E1B930D440044AAEB /* text.cc */,
				933162F01B92D9F2009FFC7C /* description.h */,
				93C18F871B930D440044AAEB /* description.cc */,
				933162F51B92D9F2009FFC7C /* license.h */,
				93C18F8C1B930D440044AAEB /* license.cc */,
				933162ED1B92D9F2009FFC7C /* copyright.h */,
				93C18F841B930D430044AAEB /* copyright.cc */,
				933162F81B92D9F2009FFC7C /* trademark.h */,
				93C18F8F1B930D440044AAEB /* trademark.cc */,
				933162F61B92D9F2009FFC7C /* licensee.h */,
				93C18F8D1B930D440044AAEB /* licensee.cc */,
				933162F31B92D9F2009FFC7C /* extension_name.h */,
				93C18F891B930D440044AAEB /* extension_name.cc */,
				933162F41B92D9F2009FFC7C /* extension_value.h */,
				93C18F8A1B930D440044AAEB /* extension_value.cc */,
				933162F21B92D9F2009FFC7C /* extension_item.h */,
				93C18F881B930D440044AAEB /* extension_item.cc */,
				933162F11B92D9F2009FFC7C /* extension.h */,
				93C18F8B1B930D440044AAEB /* extension.cc */,
			);
			path = metadata;
			sourceTree = "<group>";
		};
		93C18FEE1B951C430044AAEB /* resource */ = {
			isa = PBXGroup;
			children = (
				93A05AEE1B9B914A002DDAD5 /* typeface */,
				93E209661BB3AAC100C76B70 /* TKNCapHeightTemplate.pdf */,
				93E209671BB3AAC100C76B70 /* TKNStrokeWidthTemplate.pdf */,
				93C257AD1B9C5AB700134399 /* TKNZoomIn.pdf */,
				93C257AE1B9C5AB700134399 /* TKNZoomOut.pdf */,
				93C257C31B9C96D900134399 /* TKNInvert.pdf */,
				93C257C51B9C99F700134399 /* TKNOutline.pdf */,
				93982FBB1BA3D5F000438BDA /* AdobeFDKLicense.rtf */,
				9390CBF41B95328D0088153C /* Credits.rtf */,
			);
			path = resource;
			sourceTree = "<group>";
		};
		93C2577C1B9BCCDB00134399 /* Products */ = {
			isa = PBXGroup;
			children = (
				93C257861B9BCCDB00134399 /* libtakram_algorithm.dylib */,
				93C257881B9BCCDB00134399 /* libtakram_algorithm.a */,
				93C2578A1B9BCCDB00134399 /* libtakram_algorithm.a */,
				93C2578C1B9BCCDB00134399 /* takram_algorithm_test */,
			);
			name = Products;
			sourceTree = "<group>";
		};
		93C2577F1B9BCCDB00134399 /* Products */ = {
			isa = PBXGroup;
			children = (
				93C257921B9BCCDB00134399 /* libtakram_math.dylib */,
				93C257941B9BCCDB00134399 /* libtakram_math.a */,
				93C257961B9BCCDB00134399 /* libtakram_math.a */,
				93C257981B9BCCDB00134399 /* takram_math_test */,
			);
			name = Products;
			sourceTree = "<group>";
		};
		93FEF9451AD97263009D0646 = {
			isa = PBXGroup;
			children = (
				93FEF9501AD97263009D0646 /* src */,
				93AB946C1B91B11D0038DCB4 /* objc */,
				9337DC071B8C027A0070814C /* test */,
				93C18FEE1B951C430044AAEB /* resource */,
				93FEF9751AD972AA009D0646 /* config */,
				93FEF94F1AD97263009D0646 /* products */,
				93C2577B1B9BCCDB00134399 /* algorithm.xcodeproj */,
				93563AAB1B674487004C47E4 /* graphics.xcodeproj */,
				93C2577E1B9BCCDB00134399 /* math.xcodeproj */,
			);
			sourceTree = "<group>";
		};
		93FEF94F1AD97263009D0646 /* products */ = {
			isa = PBXGroup;
			children = (
				93FEF94E1AD97263009D0646 /* Token.app */,
				93C257E31B9DDC7A00134399 /* scaler */,
			);
			name = products;
			sourceTree = "<group>";
		};
		93FEF9501AD97263009D0646 /* src */ = {
			isa = PBXGroup;
			children = (
				93E5FF161B915970006E968A /* glyph_stroker.h */,
				93E5FF151B915970006E968A /* glyph_stroker.cc */,
				9337DC441B8D671B0070814C /* glyph_outline.h */,
				9337DC531B8D67F20070814C /* glyph_outline.cc */,
				93A05ADE1B9B8A4A002DDAD5 /* afdko.h */,
				93A05ADD1B9B8A4A002DDAD5 /* afdko */,
				93A224A31B7B1FD200CB1DBB /* ufo.h */,
				93A224921B7B1FD200CB1DBB /* ufo */,
			);
			name = src;
			path = src/token;
			sourceTree = "<group>";
		};
		93FEF9751AD972AA009D0646 /* config */ = {
			isa = PBXGroup;
			children = (
				93F859251B575DCC00C32E8D /* osx.plist */,
				93F859291B575DCC00C32E8D /* project.xcconfig */,
				93F859271B575DCC00C32E8D /* project_debug.xcconfig */,
				93F859281B575DCC00C32E8D /* project_release.xcconfig */,
				93B4749E1B64CF8800613FB6 /* product.xcconfig */,
			);
			path = config;
			sourceTree = "<group>";
		};
/* End PBXGroup section */

/* Begin PBXNativeTarget section */
		93C257E21B9DDC7A00134399 /* scaler */ = {
			isa = PBXNativeTarget;
			buildConfigurationList = 93C257FB1B9DDC7A00134399 /* Build configuration list for PBXNativeTarget "scaler" */;
			buildPhases = (
				93C257DF1B9DDC7A00134399 /* Sources */,
				93C257E01B9DDC7A00134399 /* Frameworks */,
				93C257E11B9DDC7A00134399 /* CopyFiles */,
			);
			buildRules = (
			);
			dependencies = (
				9368397A1B9E7B3B00E21EF7 /* PBXTargetDependency */,
			);
			name = scaler;
			productName = scale_cap_height_to_units_per_em;
			productReference = 93C257E31B9DDC7A00134399 /* scaler */;
			productType = "com.apple.product-type.tool";
		};
		93FEF94D1AD97263009D0646 /* Token */ = {
			isa = PBXNativeTarget;
			buildConfigurationList = 93FEF96B1AD97263009D0646 /* Build configuration list for PBXNativeTarget "Token" */;
			buildPhases = (
				93FEF94A1AD97263009D0646 /* Sources */,
				93FEF94B1AD97263009D0646 /* Frameworks */,
				93FEF94C1AD97263009D0646 /* Resources */,
				93714B651B998F3B0077B273 /* ShellScript */,
			);
			buildRules = (
			);
			dependencies = (
				936839A71B9E8D4300E21EF7 /* PBXTargetDependency */,
				93563AC91B6744C1004C47E4 /* PBXTargetDependency */,
			);
			name = Token;
			productName = Zorozoro;
			productReference = 93FEF94E1AD97263009D0646 /* Token.app */;
			productType = "com.apple.product-type.application";
		};
/* End PBXNativeTarget section */

/* Begin PBXProject section */
		93FEF9461AD97263009D0646 /* Project object */ = {
			isa = PBXProject;
			attributes = {
				LastUpgradeCheck = 0710;
				ORGANIZATIONNAME = "takram design engineering";
				TargetAttributes = {
					93C257E21B9DDC7A00134399 = {
						CreatedOnToolsVersion = 6.4;
					};
					93FEF94D1AD97263009D0646 = {
						CreatedOnToolsVersion = 6.2;
					};
				};
			};
			buildConfigurationList = 93FEF9491AD97263009D0646 /* Build configuration list for PBXProject "Token" */;
			compatibilityVersion = "Xcode 3.2";
			developmentRegion = English;
			hasScannedForEncodings = 0;
			knownRegions = (
				en,
				Base,
			);
			mainGroup = 93FEF9451AD97263009D0646;
			productRefGroup = 93FEF94F1AD97263009D0646 /* products */;
			projectDirPath = "";
			projectReferences = (
				{
					ProductGroup = 93C2577C1B9BCCDB00134399 /* Products */;
					ProjectRef = 93C2577B1B9BCCDB00134399 /* algorithm.xcodeproj */;
				},
				{
					ProductGroup = 93563AAC1B674487004C47E4 /* Products */;
					ProjectRef = 93563AAB1B674487004C47E4 /* graphics.xcodeproj */;
				},
				{
					ProductGroup = 93C2577F1B9BCCDB00134399 /* Products */;
					ProjectRef = 93C2577E1B9BCCDB00134399 /* math.xcodeproj */;
				},
			);
			projectRoot = "";
			targets = (
				93FEF94D1AD97263009D0646 /* Token */,
				93C257E21B9DDC7A00134399 /* scaler */,
			);
		};
/* End PBXProject section */

/* Begin PBXReferenceProxy section */
		93563AB51B674487004C47E4 /* libtakram_graphics.dylib */ = {
			isa = PBXReferenceProxy;
			fileType = "compiled.mach-o.dylib";
			path = libtakram_graphics.dylib;
			remoteRef = 93563AB41B674487004C47E4 /* PBXContainerItemProxy */;
			sourceTree = BUILT_PRODUCTS_DIR;
		};
		93563AB71B674487004C47E4 /* libtakram_graphics.a */ = {
			isa = PBXReferenceProxy;
			fileType = archive.ar;
			path = libtakram_graphics.a;
			remoteRef = 93563AB61B674487004C47E4 /* PBXContainerItemProxy */;
			sourceTree = BUILT_PRODUCTS_DIR;
		};
		93563AB91B674487004C47E4 /* libtakram_graphics.a */ = {
			isa = PBXReferenceProxy;
			fileType = archive.ar;
			path = libtakram_graphics.a;
			remoteRef = 93563AB81B674487004C47E4 /* PBXContainerItemProxy */;
			sourceTree = BUILT_PRODUCTS_DIR;
		};
		93563ABB1B674487004C47E4 /* takram_graphics_test */ = {
			isa = PBXReferenceProxy;
			fileType = "compiled.mach-o.executable";
			path = takram_graphics_test;
			remoteRef = 93563ABA1B674487004C47E4 /* PBXContainerItemProxy */;
			sourceTree = BUILT_PRODUCTS_DIR;
		};
		93C257861B9BCCDB00134399 /* libtakram_algorithm.dylib */ = {
			isa = PBXReferenceProxy;
			fileType = "compiled.mach-o.dylib";
			path = libtakram_algorithm.dylib;
			remoteRef = 93C257851B9BCCDB00134399 /* PBXContainerItemProxy */;
			sourceTree = BUILT_PRODUCTS_DIR;
		};
		93C257881B9BCCDB00134399 /* libtakram_algorithm.a */ = {
			isa = PBXReferenceProxy;
			fileType = archive.ar;
			path = libtakram_algorithm.a;
			remoteRef = 93C257871B9BCCDB00134399 /* PBXContainerItemProxy */;
			sourceTree = BUILT_PRODUCTS_DIR;
		};
		93C2578A1B9BCCDB00134399 /* libtakram_algorithm.a */ = {
			isa = PBXReferenceProxy;
			fileType = archive.ar;
			path = libtakram_algorithm.a;
			remoteRef = 93C257891B9BCCDB00134399 /* PBXContainerItemProxy */;
			sourceTree = BUILT_PRODUCTS_DIR;
		};
		93C2578C1B9BCCDB00134399 /* takram_algorithm_test */ = {
			isa = PBXReferenceProxy;
			fileType = "compiled.mach-o.executable";
			path = takram_algorithm_test;
			remoteRef = 93C2578B1B9BCCDB00134399 /* PBXContainerItemProxy */;
			sourceTree = BUILT_PRODUCTS_DIR;
		};
		93C257921B9BCCDB00134399 /* libtakram_math.dylib */ = {
			isa = PBXReferenceProxy;
			fileType = "compiled.mach-o.dylib";
			path = libtakram_math.dylib;
			remoteRef = 93C257911B9BCCDB00134399 /* PBXContainerItemProxy */;
			sourceTree = BUILT_PRODUCTS_DIR;
		};
		93C257941B9BCCDB00134399 /* libtakram_math.a */ = {
			isa = PBXReferenceProxy;
			fileType = archive.ar;
			path = libtakram_math.a;
			remoteRef = 93C257931B9BCCDB00134399 /* PBXContainerItemProxy */;
			sourceTree = BUILT_PRODUCTS_DIR;
		};
		93C257961B9BCCDB00134399 /* libtakram_math.a */ = {
			isa = PBXReferenceProxy;
			fileType = archive.ar;
			path = libtakram_math.a;
			remoteRef = 93C257951B9BCCDB00134399 /* PBXContainerItemProxy */;
			sourceTree = BUILT_PRODUCTS_DIR;
		};
		93C257981B9BCCDB00134399 /* takram_math_test */ = {
			isa = PBXReferenceProxy;
			fileType = "compiled.mach-o.executable";
			path = takram_math_test;
			remoteRef = 93C257971B9BCCDB00134399 /* PBXContainerItemProxy */;
			sourceTree = BUILT_PRODUCTS_DIR;
		};
/* End PBXReferenceProxy section */

/* Begin PBXResourcesBuildPhase section */
		93FEF94C1AD97263009D0646 /* Resources */ = {
			isa = PBXResourcesBuildPhase;
			buildActionMask = 2147483647;
			files = (
				9399180C1BA1734100061130 /* TKNWelcomeSheetController.xib in Resources */,
				93A05AEF1B9B914A002DDAD5 /* typeface in Resources */,
				933A61501BC8C95000C600C5 /* Main.storyboard in Resources */,
				93E209681BB3AAC100C76B70 /* TKNCapHeightTemplate.pdf in Resources */,
				93E209691BB3AAC100C76B70 /* TKNStrokeWidthTemplate.pdf in Resources */,
				93C257AF1B9C5AB700134399 /* TKNZoomIn.pdf in Resources */,
				93C257B01B9C5AB700134399 /* TKNZoomOut.pdf in Resources */,
				93C257C41B9C96D900134399 /* TKNInvert.pdf in Resources */,
				93C257C61B9C99F700134399 /* TKNOutline.pdf in Resources */,
				93982FBC1BA3D5F000438BDA /* AdobeFDKLicense.rtf in Resources */,
				9390CBF51B95328D0088153C /* Credits.rtf in Resources */,
			);
			runOnlyForDeploymentPostprocessing = 0;
		};
/* End PBXResourcesBuildPhase section */

/* Begin PBXShellScriptBuildPhase section */
		93714B651B998F3B0077B273 /* ShellScript */ = {
			isa = PBXShellScriptBuildPhase;
			buildActionMask = 12;
			files = (
			);
			inputPaths = (
			);
			outputPaths = (
			);
			runOnlyForDeploymentPostprocessing = 0;
			shellPath = /bin/sh;
			shellScript = "\"${PROJECT_DIR}/script/bundle.sh\"\n\"${BUILT_PRODUCTS_DIR}/scaler\" \"${BUILT_PRODUCTS_DIR}/${UNLOCALIZED_RESOURCES_FOLDER_PATH}/typeface/default.ufo\" \"${BUILT_PRODUCTS_DIR}/${UNLOCALIZED_RESOURCES_FOLDER_PATH}/typeface/scaled.ufo\"\n";
		};
/* End PBXShellScriptBuildPhase section */

/* Begin PBXSourcesBuildPhase section */
		93C257DF1B9DDC7A00134399 /* Sources */ = {
			isa = PBXSourcesBuildPhase;
			buildActionMask = 2147483647;
			files = (
				9368399B1B9E7B6500E21EF7 /* text.cc in Sources */,
				936839911B9E7B6500E21EF7 /* glyphs.cc in Sources */,
				936839941B9E7B6500E21EF7 /* lib.cc in Sources */,
				9375FA551B9DDCD900559480 /* scaler.mm in Sources */,
				936839991B9E7B6500E21EF7 /* credit.cc in Sources */,
				936839971B9E7B6500E21EF7 /* unique_id.cc in Sources */,
				9368399C1B9E7B6500E21EF7 /* description.cc in Sources */,
				936839961B9E7B6500E21EF7 /* name_record.cc in Sources */,
				936839A51B9E7B6500E21EF7 /* property_list.cc in Sources */,
				9368399F1B9E7B6500E21EF7 /* trademark.cc in Sources */,
				9368399A1B9E7B6500E21EF7 /* credits.cc in Sources */,
				936839921B9E7B6500E21EF7 /* glyph.cc in Sources */,
				936839A11B9E7B6500E21EF7 /* extension_name.cc in Sources */,
				9368399D1B9E7B6500E21EF7 /* license.cc in Sources */,
				936839981B9E7B6500E21EF7 /* vendor.cc in Sources */,
				936839951B9E7B6500E21EF7 /* gasp_range_record.cc in Sources */,
				936839A01B9E7B6500E21EF7 /* licensee.cc in Sources */,
				936839A21B9E7B6500E21EF7 /* extension_value.cc in Sources */,
				936839AD1B9E931D00E21EF7 /* guideline.cc in Sources */,
				936839A31B9E7B6500E21EF7 /* extension_item.cc in Sources */,
				936839901B9E7B6500E21EF7 /* font_info.cc in Sources */,
				936839A41B9E7B6500E21EF7 /* extension.cc in Sources */,
				9368398F1B9E7B6500E21EF7 /* glyph_outline.cc in Sources */,
				9368399E1B9E7B6500E21EF7 /* copyright.cc in Sources */,
			);
			runOnlyForDeploymentPostprocessing = 0;
		};
		93FEF94A1AD97263009D0646 /* Sources */ = {
			isa = PBXSourcesBuildPhase;
			buildActionMask = 2147483647;
			files = (
				93C18F951B930D440044AAEB /* credit.cc in Sources */,
				935DDCFE1BEB2ACF0070F741 /* DefaultRoundedButtonCell.swift in Sources */,
				93A05AF21B9B9B98002DDAD5 /* autohint.cc in Sources */,
				9381EE581B91B20000807B1B /* TKNApplicationDelegate.m in Sources */,
				935DDCF01BEB1A160070F741 /* RectCorners.swift in Sources */,
				935DDCEC1BEB102D0070F741 /* NumberToPercentageTransformer.swift in Sources */,
				93C18FAA1B930D440044AAEB /* license.cc in Sources */,
				93A05AEB1B9B8A6B002DDAD5 /* makeotf.cc in Sources */,
				939FDF1D1C1F635800B0DECD /* CenteredClipView.swift in Sources */,
				93C18FA11B930D440044AAEB /* extension_name.cc in Sources */,
				936839AC1B9E931D00E21EF7 /* guideline.cc in Sources */,
				93C18FA71B930D440044AAEB /* extension.cc in Sources */,
				93C18F9B1B930D440044AAEB /* description.cc in Sources */,
				93D70EE51C2DAB1A003C6F2B /* MainViewController.swift in Sources */,
				935DDCF81BEB24550070F741 /* BackgroundImageView.swift in Sources */,
				9349562E1B8D8B17000FD457 /* glyphs.cc in Sources */,
				935DDCF61BEB23DC0070F741 /* BackgroundTextField.swift in Sources */,
				93C771A71B95482100914AD9 /* TKNTypefaceView.m in Sources */,
				933162D71B92C58F009FFC7C /* font_info.cc in Sources */,
				935DDCDE1BEB0E7D0070F741 /* LayerBackedView.swift in Sources */,
				93B7634E1B91B268009CA8B0 /* TKNMainWindowController.m in Sources */,
				93E5FF171B915970006E968A /* glyph_stroker.cc in Sources */,
				93C18FB31B930D440044AAEB /* trademark.cc in Sources */,
				93C18F9E1B930D440044AAEB /* extension_item.cc in Sources */,
				9337DC541B8D67F20070814C /* glyph_outline.cc in Sources */,
				939FDF1B1C1F630D00B0DECD /* ControlView.swift in Sources */,
				93C18F921B930D440044AAEB /* copyright.cc in Sources */,
				93F9134E1BC8CD29008D1EE5 /* TKNMainViewController.m in Sources */,
				93C18FC11B930E0D0044AAEB /* name_record.cc in Sources */,
				93AB70431BA5D9FA004EB3C8 /* check_outlines.cc in Sources */,
				93C257491B9B9E4F00134399 /* TKNTypefaceUnit.m in Sources */,
				9399180B1BA1734100061130 /* TKNWelcomeSheetController.m in Sources */,
				93C18FBE1B930E0D0044AAEB /* gasp_range_record.cc in Sources */,
				93C18FB01B930D440044AAEB /* text.cc in Sources */,
				93D70EDD1C2DA991003C6F2B /* WelcomeSheet.swift in Sources */,
				93D70ED01C2DA7AF003C6F2B /* MultilineTextField.swift in Sources */,
				93D70EE11C2DAAF2003C6F2B /* ApplicationDelegate.swift in Sources */,
				93982FBF1BA4104500438BDA /* TKNFilePaths.m in Sources */,
				93C18FB61B930D440044AAEB /* unique_id.cc in Sources */,
				93C18FAD1B930D440044AAEB /* licensee.cc in Sources */,
				93C18FB91B930D440044AAEB /* vendor.cc in Sources */,
				93714B601B996EA70077B273 /* lib.cc in Sources */,
				935DDCF41BEB23460070F741 /* BackgroundView.swift in Sources */,
				935DDCFC1BEB25220070F741 /* RoundedButtonCell.swift in Sources */,
				93D268591B95491D008AB659 /* TKNTypefaceViewController.m in Sources */,
				93D70EE31C2DAB0A003C6F2B /* MainWindowController.swift in Sources */,
				93C18F981B930D440044AAEB /* credits.cc in Sources */,
				931043F81B94184F00DAC200 /* glyph.cc in Sources */,
				9383794C1B962D47003E6893 /* TKNTypeface.mm in Sources */,
				935DDCEE1BEB125C0070F741 /* NSBezierPath+RoundedRect.swift in Sources */,
				93C18FA41B930D440044AAEB /* extension_value.cc in Sources */,
				935DDCF21BEB228F0070F741 /* ZeroSplitView.swift in Sources */,
				935DDD001BEB37BA0070F741 /* NumericTextField.swift in Sources */,
				93C18F491B93089E0044AAEB /* property_list.cc in Sources */,
				93982FBA1BA3C8D300438BDA /* TKNMultilineTextField.m in Sources */,
				93B7635F1B91B332009CA8B0 /* main.m in Sources */,
				936D38051BA1CEDA0058F7B1 /* TKNWelcomeSheet.m in Sources */,
				939FDF191C1F62CD00B0DECD /* SettingsViewController.swift in Sources */,
			);
			runOnlyForDeploymentPostprocessing = 0;
		};
/* End PBXSourcesBuildPhase section */

/* Begin PBXTargetDependency section */
		93563AC91B6744C1004C47E4 /* PBXTargetDependency */ = {
			isa = PBXTargetDependency;
			name = graphics_static;
			targetProxy = 93563AC81B6744C1004C47E4 /* PBXContainerItemProxy */;
		};
		9368397A1B9E7B3B00E21EF7 /* PBXTargetDependency */ = {
			isa = PBXTargetDependency;
			name = graphics_static;
			targetProxy = 936839791B9E7B3B00E21EF7 /* PBXContainerItemProxy */;
		};
		936839A71B9E8D4300E21EF7 /* PBXTargetDependency */ = {
			isa = PBXTargetDependency;
			target = 93C257E21B9DDC7A00134399 /* scaler */;
			targetProxy = 936839A61B9E8D4300E21EF7 /* PBXContainerItemProxy */;
		};
/* End PBXTargetDependency section */

/* Begin XCBuildConfiguration section */
		93C257E71B9DDC7A00134399 /* Debug */ = {
			isa = XCBuildConfiguration;
			baseConfigurationReference = 93B4749E1B64CF8800613FB6 /* product.xcconfig */;
			buildSettings = {
				CODE_SIGN_IDENTITY = "";
				OTHER_LDFLAGS = "$(inherited)";
				PRODUCT_NAME = "$(TARGET_NAME)";
			};
			name = Debug;
		};
		93C257E81B9DDC7A00134399 /* Release */ = {
			isa = XCBuildConfiguration;
			baseConfigurationReference = 93B4749E1B64CF8800613FB6 /* product.xcconfig */;
			buildSettings = {
				CODE_SIGN_IDENTITY = "";
				OTHER_LDFLAGS = "$(inherited)";
				PRODUCT_NAME = "$(TARGET_NAME)";
			};
			name = Release;
		};
		93FEF9691AD97263009D0646 /* Debug */ = {
			isa = XCBuildConfiguration;
			baseConfigurationReference = 93F859271B575DCC00C32E8D /* project_debug.xcconfig */;
			buildSettings = {
				CODE_SIGN_IDENTITY = "-";
				ENABLE_TESTABILITY = YES;
				MACOSX_DEPLOYMENT_TARGET = 10.10;
				ONLY_ACTIVE_ARCH = YES;
				SDKROOT = macosx;
				SWIFT_OBJC_BRIDGING_HEADER = "$(PROJECT_DIR)/objc/Token-Bridging-Header.h";
			};
			name = Debug;
		};
		93FEF96A1AD97263009D0646 /* Release */ = {
			isa = XCBuildConfiguration;
			baseConfigurationReference = 93F859281B575DCC00C32E8D /* project_release.xcconfig */;
			buildSettings = {
				CODE_SIGN_IDENTITY = "-";
				MACOSX_DEPLOYMENT_TARGET = 10.10;
				SDKROOT = macosx;
				SWIFT_OBJC_BRIDGING_HEADER = "$(PROJECT_DIR)/objc/Token-Bridging-Header.h";
			};
			name = Release;
		};
		93FEF96C1AD97263009D0646 /* Debug */ = {
			isa = XCBuildConfiguration;
			baseConfigurationReference = 93B4749E1B64CF8800613FB6 /* product.xcconfig */;
			buildSettings = {
				CLANG_ENABLE_MODULES = YES;
				CODE_SIGN_IDENTITY = "";
				ENABLE_NS_ASSERTIONS = YES;
				INFOPLIST_FILE = config/osx.plist;
				LD_RUNPATH_SEARCH_PATHS = "$(inherited) @executable_path/../Frameworks";
				OTHER_LDFLAGS = "$(inherited)";
				PRODUCT_BUNDLE_IDENTIFIER = "com.takram.$(PRODUCT_NAME:rfc1034identifier)";
				PRODUCT_NAME = Token;
				SWIFT_OBJC_BRIDGING_HEADER = "objc/Token-Bridging-Header.h";
				SWIFT_OPTIMIZATION_LEVEL = "-Onone";
			};
			name = Debug;
		};
		93FEF96D1AD97263009D0646 /* Release */ = {
			isa = XCBuildConfiguration;
			baseConfigurationReference = 93B4749E1B64CF8800613FB6 /* product.xcconfig */;
			buildSettings = {
				CLANG_ENABLE_MODULES = YES;
				CODE_SIGN_IDENTITY = "";
				ENABLE_NS_ASSERTIONS = NO;
				INFOPLIST_FILE = config/osx.plist;
				LD_RUNPATH_SEARCH_PATHS = "$(inherited) @executable_path/../Frameworks";
				OTHER_LDFLAGS = "$(inherited)";
				PRODUCT_BUNDLE_IDENTIFIER = "com.takram.$(PRODUCT_NAME:rfc1034identifier)";
				PRODUCT_NAME = Token;
				SWIFT_OBJC_BRIDGING_HEADER = "objc/Token-Bridging-Header.h";
			};
			name = Release;
		};
/* End XCBuildConfiguration section */

/* Begin XCConfigurationList section */
		93C257FB1B9DDC7A00134399 /* Build configuration list for PBXNativeTarget "scaler" */ = {
			isa = XCConfigurationList;
			buildConfigurations = (
				93C257E71B9DDC7A00134399 /* Debug */,
				93C257E81B9DDC7A00134399 /* Release */,
			);
			defaultConfigurationIsVisible = 0;
			defaultConfigurationName = Release;
		};
		93FEF9491AD97263009D0646 /* Build configuration list for PBXProject "Token" */ = {
			isa = XCConfigurationList;
			buildConfigurations = (
				93FEF9691AD97263009D0646 /* Debug */,
				93FEF96A1AD97263009D0646 /* Release */,
			);
			defaultConfigurationIsVisible = 0;
			defaultConfigurationName = Release;
		};
		93FEF96B1AD97263009D0646 /* Build configuration list for PBXNativeTarget "Token" */ = {
			isa = XCConfigurationList;
			buildConfigurations = (
				93FEF96C1AD97263009D0646 /* Debug */,
				93FEF96D1AD97263009D0646 /* Release */,
			);
			defaultConfigurationIsVisible = 0;
			defaultConfigurationName = Release;
		};
/* End XCConfigurationList section */
	};
	rootObject = 93FEF9461AD97263009D0646 /* Project object */;
}
