// !$*UTF8*$!
{
	archiveVersion = 1;
	classes = {
	};
	objectVersion = 46;
	objects = {

/* Begin PBXBuildFile section */
		9308C72F1CA29ACD004EDECA /* extra.cc in Sources */ = {isa = PBXBuildFile; fileRef = 9308C72D1CA29ACD004EDECA /* extra.cc */; };
		931043F81B94184F00DAC200 /* glyph.cc in Sources */ = {isa = PBXBuildFile; fileRef = 931043F71B94184F00DAC200 /* glyph.cc */; };
		9321BA8C1CAE5057004284CA /* Sparkle.framework in Frameworks */ = {isa = PBXBuildFile; fileRef = 936A9F341CAE452200CFBE5E /* Sparkle.framework */; };
		9321BA8E1CAE505F004284CA /* Sparkle.framework in Copy Files */ = {isa = PBXBuildFile; fileRef = 936A9F341CAE452200CFBE5E /* Sparkle.framework */; settings = {ATTRIBUTES = (CodeSignOnCopy, RemoveHeadersOnCopy, ); }; };
		9321E9321C9CA1ED00D6FCEA /* main.m in Sources */ = {isa = PBXBuildFile; fileRef = 93B7635E1B91B332009CA8B0 /* main.m */; };
		933162D71B92C58F009FFC7C /* font_info.cc in Sources */ = {isa = PBXBuildFile; fileRef = 933162D61B92C58F009FFC7C /* font_info.cc */; };
		9337DC541B8D67F20070814C /* glyph_outline.cc in Sources */ = {isa = PBXBuildFile; fileRef = 9337DC531B8D67F20070814C /* glyph_outline.cc */; };
		933A61501BC8C95000C600C5 /* Main.storyboard in Resources */ = {isa = PBXBuildFile; fileRef = 933A614F1BC8C95000C600C5 /* Main.storyboard */; };
		9349562E1B8D8B17000FD457 /* glyphs.cc in Sources */ = {isa = PBXBuildFile; fileRef = 9349562D1B8D8B17000FD457 /* glyphs.cc */; };
		93654CC31C82F6C5004C3CC9 /* ApplicationDelegate.swift in Sources */ = {isa = PBXBuildFile; fileRef = 93D70EE01C2DAAF2003C6F2B /* ApplicationDelegate.swift */; };
		93654CC41C82F6C5004C3CC9 /* MainWindowController.swift in Sources */ = {isa = PBXBuildFile; fileRef = 93D70EE21C2DAB0A003C6F2B /* MainWindowController.swift */; };
		93654CC51C82F6C5004C3CC9 /* MainViewController.swift in Sources */ = {isa = PBXBuildFile; fileRef = 93D70EE41C2DAB1A003C6F2B /* MainViewController.swift */; };
		93654CC81C82F6C5004C3CC9 /* Typeface.swift in Sources */ = {isa = PBXBuildFile; fileRef = 930ECCC51C7D5DBC004C9978 /* Typeface.swift */; };
		93654CC91C82F6C5004C3CC9 /* TypefaceUnit.swift in Sources */ = {isa = PBXBuildFile; fileRef = 9373E7811C64613D003A66B0 /* TypefaceUnit.swift */; };
		93654CCA1C82F6C5004C3CC9 /* WelcomeWindow.swift in Sources */ = {isa = PBXBuildFile; fileRef = 93D70EDC1C2DA991003C6F2B /* WelcomeWindow.swift */; };
		93654CCB1C82F6C5004C3CC9 /* WelcomeViewController.swift in Sources */ = {isa = PBXBuildFile; fileRef = 93D334C21C80394000FF4567 /* WelcomeViewController.swift */; };
		93654CCC1C82F6C5004C3CC9 /* WelcomeAgreementViewController.swift in Sources */ = {isa = PBXBuildFile; fileRef = 937E19451C80588800090AEF /* WelcomeAgreementViewController.swift */; };
		93654CCD1C82F6C5004C3CC9 /* WelcomeProgressViewController.swift in Sources */ = {isa = PBXBuildFile; fileRef = 93D334C61C80396200FF4567 /* WelcomeProgressViewController.swift */; };
		93654CCE1C82F6C5004C3CC9 /* TypefaceViewController.swift in Sources */ = {isa = PBXBuildFile; fileRef = 930ECCD51C7D5F02004C9978 /* TypefaceViewController.swift */; };
		93654CCF1C82F6C5004C3CC9 /* TypefaceView.swift in Sources */ = {isa = PBXBuildFile; fileRef = 93D70EF61C2DAEE0003C6F2B /* TypefaceView.swift */; };
		93654CD01C82F6C5004C3CC9 /* TypefaceClipView.swift in Sources */ = {isa = PBXBuildFile; fileRef = 939FDF1C1C1F635800B0DECD /* TypefaceClipView.swift */; };
		93654CD11C82F6C5004C3CC9 /* TypefaceScrollView.swift in Sources */ = {isa = PBXBuildFile; fileRef = 93ACDAFD1C82A431009F1C8C /* TypefaceScrollView.swift */; };
		93654CD21C82F6C5004C3CC9 /* TypefaceControlView.swift in Sources */ = {isa = PBXBuildFile; fileRef = 939FDF1A1C1F630D00B0DECD /* TypefaceControlView.swift */; };
		93654CD31C82F6C5004C3CC9 /* SettingsViewController.swift in Sources */ = {isa = PBXBuildFile; fileRef = 939FDF181C1F62CD00B0DECD /* SettingsViewController.swift */; };
		93654CD41C82F6C5004C3CC9 /* RoundedButtonCell.swift in Sources */ = {isa = PBXBuildFile; fileRef = 93D70F081C2FA617003C6F2B /* RoundedButtonCell.swift */; };
		93654CD51C82F6C5004C3CC9 /* DefaultRoundedButtonCell.swift in Sources */ = {isa = PBXBuildFile; fileRef = 935DDCFD1BEB2ACF0070F741 /* DefaultRoundedButtonCell.swift */; };
		93654CD61C82F6C5004C3CC9 /* NumericTextField.swift in Sources */ = {isa = PBXBuildFile; fileRef = 935DDCFF1BEB37BA0070F741 /* NumericTextField.swift */; };
		93654CD71C82F6C5004C3CC9 /* RectCorners.swift in Sources */ = {isa = PBXBuildFile; fileRef = 935DDCEF1BEB1A160070F741 /* RectCorners.swift */; };
		93654CD81C82F6C5004C3CC9 /* Location.swift in Sources */ = {isa = PBXBuildFile; fileRef = 9308F4071C59E003005B31CC /* Location.swift */; };
		93654CD91C82F6C5004C3CC9 /* FirstResponderView.swift in Sources */ = {isa = PBXBuildFile; fileRef = 935DDCF31BEB23460070F741 /* FirstResponderView.swift */; };
		93654CDA1C82F6C5004C3CC9 /* ZeroSplitView.swift in Sources */ = {isa = PBXBuildFile; fileRef = 935DDCF11BEB228F0070F741 /* ZeroSplitView.swift */; };
		93654CDB1C82F6C5004C3CC9 /* MultilineTextField.swift in Sources */ = {isa = PBXBuildFile; fileRef = 93D70ECF1C2DA7AF003C6F2B /* MultilineTextField.swift */; };
		93654CDC1C82F6C5004C3CC9 /* SheetContentSegue.swift in Sources */ = {isa = PBXBuildFile; fileRef = 9328FC1F1C8042EB003D8FB6 /* SheetContentSegue.swift */; };
		93654CDD1C82F6C5004C3CC9 /* NumberToPercentageTransformer.swift in Sources */ = {isa = PBXBuildFile; fileRef = 935DDCEB1BEB102D0070F741 /* NumberToPercentageTransformer.swift */; };
		93654CDE1C82F6C5004C3CC9 /* NSBezierPath+RoundedRect.swift in Sources */ = {isa = PBXBuildFile; fileRef = 935DDCED1BEB125C0070F741 /* NSBezierPath+RoundedRect.swift */; };
		936839AC1B9E931D00E21EF7 /* guideline.cc in Sources */ = {isa = PBXBuildFile; fileRef = 936839AA1B9E931D00E21EF7 /* guideline.cc */; };
		936A9EF51CAB577600CFBE5E /* task.cc in Sources */ = {isa = PBXBuildFile; fileRef = 936A9EF41CAB577600CFBE5E /* task.cc */; };
		936A9F071CAB6C7B00CFBE5E /* transform.cc in Sources */ = {isa = PBXBuildFile; fileRef = 936A9F061CAB6C7B00CFBE5E /* transform.cc */; };
		936A9F441CAE4CE800CFBE5E /* SparklePublicDSAKey.pem in Resources */ = {isa = PBXBuildFile; fileRef = 936A9F431CAE4CE800CFBE5E /* SparklePublicDSAKey.pem */; };
		93714B601B996EA70077B273 /* lib.cc in Sources */ = {isa = PBXBuildFile; fileRef = 93714B5F1B996EA70077B273 /* lib.cc */; };
		937E194C1C97D40700090AEF /* TKNStroker.mm in Sources */ = {isa = PBXBuildFile; fileRef = 93D334BB1C8032AB00FF4567 /* TKNStroker.mm */; };
		937E19591C97D5A700090AEF /* StrokerBehavior.swift in Sources */ = {isa = PBXBuildFile; fileRef = 937E19581C97D5A600090AEF /* StrokerBehavior.swift */; };
		937E19751C9A628D00090AEF /* Stroker.swift in Sources */ = {isa = PBXBuildFile; fileRef = 937E19741C9A628D00090AEF /* Stroker.swift */; };
		937E19811C9ACB1A00090AEF /* TKNTypeface.mm in Sources */ = {isa = PBXBuildFile; fileRef = 9383794B1B962D47003E6893 /* TKNTypeface.mm */; };
		9390CBF51B95328D0088153C /* Credits.rtf in Resources */ = {isa = PBXBuildFile; fileRef = 9390CBF41B95328D0088153C /* Credits.rtf */; };
		93982FBC1BA3D5F000438BDA /* AdobeFDKLicense.rtf in Resources */ = {isa = PBXBuildFile; fileRef = 93982FBB1BA3D5F000438BDA /* AdobeFDKLicense.rtf */; };
		93A05AEB1B9B8A6B002DDAD5 /* opentype.cc in Sources */ = {isa = PBXBuildFile; fileRef = 93A05AE91B9B8A6B002DDAD5 /* opentype.cc */; };
		93A05AEF1B9B914A002DDAD5 /* typeface in Resources */ = {isa = PBXBuildFile; fileRef = 93A05AEE1B9B914A002DDAD5 /* typeface */; };
		93A05AF21B9B9B98002DDAD5 /* hinting.cc in Sources */ = {isa = PBXBuildFile; fileRef = 93A05AF01B9B9B98002DDAD5 /* hinting.cc */; };
		93A0C0741CAE56640067548B /* PreferencesViewController.swift in Sources */ = {isa = PBXBuildFile; fileRef = 93A0C0731CAE56640067548B /* PreferencesViewController.swift */; };
		93A0C0981CB21E2B0067548B /* TypefaceDelegate.swift in Sources */ = {isa = PBXBuildFile; fileRef = 93A0C0971CB21E2B0067548B /* TypefaceDelegate.swift */; };
		93A0C09A1CB229FF0067548B /* ProgressViewController.swift in Sources */ = {isa = PBXBuildFile; fileRef = 93A0C0991CB229FF0067548B /* ProgressViewController.swift */; };
		93C18F491B93089E0044AAEB /* property_list.cc in Sources */ = {isa = PBXBuildFile; fileRef = 93C18F481B93089D0044AAEB /* property_list.cc */; };
		93C18F921B930D440044AAEB /* copyright.cc in Sources */ = {isa = PBXBuildFile; fileRef = 93C18F841B930D430044AAEB /* copyright.cc */; };
		93C18F951B930D440044AAEB /* credit.cc in Sources */ = {isa = PBXBuildFile; fileRef = 93C18F851B930D430044AAEB /* credit.cc */; };
		93C18F981B930D440044AAEB /* credits.cc in Sources */ = {isa = PBXBuildFile; fileRef = 93C18F861B930D430044AAEB /* credits.cc */; };
		93C18F9B1B930D440044AAEB /* description.cc in Sources */ = {isa = PBXBuildFile; fileRef = 93C18F871B930D440044AAEB /* description.cc */; };
		93C18F9E1B930D440044AAEB /* extension_item.cc in Sources */ = {isa = PBXBuildFile; fileRef = 93C18F881B930D440044AAEB /* extension_item.cc */; };
		93C18FA11B930D440044AAEB /* extension_name.cc in Sources */ = {isa = PBXBuildFile; fileRef = 93C18F891B930D440044AAEB /* extension_name.cc */; };
		93C18FA41B930D440044AAEB /* extension_value.cc in Sources */ = {isa = PBXBuildFile; fileRef = 93C18F8A1B930D440044AAEB /* extension_value.cc */; };
		93C18FA71B930D440044AAEB /* extension.cc in Sources */ = {isa = PBXBuildFile; fileRef = 93C18F8B1B930D440044AAEB /* extension.cc */; };
		93C18FAA1B930D440044AAEB /* license.cc in Sources */ = {isa = PBXBuildFile; fileRef = 93C18F8C1B930D440044AAEB /* license.cc */; };
		93C18FAD1B930D440044AAEB /* licensee.cc in Sources */ = {isa = PBXBuildFile; fileRef = 93C18F8D1B930D440044AAEB /* licensee.cc */; };
		93C18FB01B930D440044AAEB /* text.cc in Sources */ = {isa = PBXBuildFile; fileRef = 93C18F8E1B930D440044AAEB /* text.cc */; };
		93C18FB31B930D440044AAEB /* trademark.cc in Sources */ = {isa = PBXBuildFile; fileRef = 93C18F8F1B930D440044AAEB /* trademark.cc */; };
		93C18FB61B930D440044AAEB /* unique_id.cc in Sources */ = {isa = PBXBuildFile; fileRef = 93C18F901B930D440044AAEB /* unique_id.cc */; };
		93C18FB91B930D440044AAEB /* vendor.cc in Sources */ = {isa = PBXBuildFile; fileRef = 93C18F911B930D440044AAEB /* vendor.cc */; };
		93C18FBE1B930E0D0044AAEB /* gasp_range_record.cc in Sources */ = {isa = PBXBuildFile; fileRef = 93C18FBC1B930E0D0044AAEB /* gasp_range_record.cc */; };
		93C18FC11B930E0D0044AAEB /* name_record.cc in Sources */ = {isa = PBXBuildFile; fileRef = 93C18FBD1B930E0D0044AAEB /* name_record.cc */; };
		93C257AF1B9C5AB700134399 /* ZoomIn.pdf in Resources */ = {isa = PBXBuildFile; fileRef = 93C257AD1B9C5AB700134399 /* ZoomIn.pdf */; };
		93C257B01B9C5AB700134399 /* ZoomOut.pdf in Resources */ = {isa = PBXBuildFile; fileRef = 93C257AE1B9C5AB700134399 /* ZoomOut.pdf */; };
		93C257C41B9C96D900134399 /* Invert.pdf in Resources */ = {isa = PBXBuildFile; fileRef = 93C257C31B9C96D900134399 /* Invert.pdf */; };
		93C257C61B9C99F700134399 /* Outline.pdf in Resources */ = {isa = PBXBuildFile; fileRef = 93C257C51B9C99F700134399 /* Outline.pdf */; };
		93D334C11C80370C00FF4567 /* Welcome.storyboard in Resources */ = {isa = PBXBuildFile; fileRef = 93D334C01C80370C00FF4567 /* Welcome.storyboard */; };
		93E209681BB3AAC100C76B70 /* CapHeightTemplate.pdf in Resources */ = {isa = PBXBuildFile; fileRef = 93E209661BB3AAC100C76B70 /* CapHeightTemplate.pdf */; };
		93E209691BB3AAC100C76B70 /* StrokeWidthTemplate.pdf in Resources */ = {isa = PBXBuildFile; fileRef = 93E209671BB3AAC100C76B70 /* StrokeWidthTemplate.pdf */; };
		93E5FF171B915970006E968A /* glyph_stroker.cc in Sources */ = {isa = PBXBuildFile; fileRef = 93E5FF151B915970006E968A /* glyph_stroker.cc */; };
/* End PBXBuildFile section */

/* Begin PBXContainerItemProxy section */
		9321BA8F1CAE505F004284CA /* PBXContainerItemProxy */ = {
			isa = PBXContainerItemProxy;
			containerPortal = 936A9F1C1CAE452200CFBE5E /* Sparkle.xcodeproj */;
			proxyType = 1;
			remoteGlobalIDString = 8DC2EF4F0486A6940098B216;
			remoteInfo = Sparkle;
		};
		9351BF951D8451A900FBAA50 /* PBXContainerItemProxy */ = {
			isa = PBXContainerItemProxy;
			containerPortal = 936A9F1C1CAE452200CFBE5E /* Sparkle.xcodeproj */;
			proxyType = 2;
			remoteGlobalIDString = 722954B41D04ADAF00ECF9CA;
			remoteInfo = fileop;
		};
		936A9F331CAE452200CFBE5E /* PBXContainerItemProxy */ = {
			isa = PBXContainerItemProxy;
			containerPortal = 936A9F1C1CAE452200CFBE5E /* Sparkle.xcodeproj */;
			proxyType = 2;
			remoteGlobalIDString = 8DC2EF5B0486A6940098B216;
			remoteInfo = Sparkle;
		};
		936A9F351CAE452200CFBE5E /* PBXContainerItemProxy */ = {
			isa = PBXContainerItemProxy;
			containerPortal = 936A9F1C1CAE452200CFBE5E /* Sparkle.xcodeproj */;
			proxyType = 2;
			remoteGlobalIDString = 61B5F90209C4CEE200B25A18;
			remoteInfo = "Sparkle Test App";
		};
		936A9F371CAE452200CFBE5E /* PBXContainerItemProxy */ = {
			isa = PBXContainerItemProxy;
			containerPortal = 936A9F1C1CAE452200CFBE5E /* Sparkle.xcodeproj */;
			proxyType = 2;
			remoteGlobalIDString = 612279D90DB5470200AB99EA;
			remoteInfo = "Sparkle Unit Tests";
		};
		936A9F391CAE452200CFBE5E /* PBXContainerItemProxy */ = {
			isa = PBXContainerItemProxy;
			containerPortal = 936A9F1C1CAE452200CFBE5E /* Sparkle.xcodeproj */;
			proxyType = 2;
			remoteGlobalIDString = 5D06E8D00FD68C7C005AE3F6;
			remoteInfo = BinaryDelta;
		};
		936A9F3B1CAE452200CFBE5E /* PBXContainerItemProxy */ = {
			isa = PBXContainerItemProxy;
			containerPortal = 936A9F1C1CAE452200CFBE5E /* Sparkle.xcodeproj */;
			proxyType = 2;
			remoteGlobalIDString = 55C14BB7136EEF1500649790;
			remoteInfo = Autoupdate;
		};
		936A9F3D1CAE452200CFBE5E /* PBXContainerItemProxy */ = {
			isa = PBXContainerItemProxy;
			containerPortal = 936A9F1C1CAE452200CFBE5E /* Sparkle.xcodeproj */;
			proxyType = 2;
			remoteGlobalIDString = 726B2B5D1C645FC900388755;
			remoteInfo = "UI Tests";
		};
		93B4E96D1E5D7D9700233E24 /* PBXContainerItemProxy */ = {
			isa = PBXContainerItemProxy;
			containerPortal = 936A9F1C1CAE452200CFBE5E /* Sparkle.xcodeproj */;
			proxyType = 2;
			remoteGlobalIDString = 5AE13FB31E0D9E07000D2C2C;
			remoteInfo = generate_appcast;
		};
		93B4E9751E5D7D9700233E24 /* PBXContainerItemProxy */ = {
			isa = PBXContainerItemProxy;
			containerPortal = 93C2577B1B9BCCDB00134399 /* algorithm.xcodeproj */;
			proxyType = 2;
			remoteGlobalIDString = 9309550E1A4FB1FC00D09023;
			remoteInfo = algorithm_shared;
		};
		93B4E9771E5D7D9700233E24 /* PBXContainerItemProxy */ = {
			isa = PBXContainerItemProxy;
			containerPortal = 93C2577B1B9BCCDB00134399 /* algorithm.xcodeproj */;
			proxyType = 2;
			remoteGlobalIDString = 93C6B51519B22F5500A1CF93;
			remoteInfo = algorithm_static;
		};
		93B4E9791E5D7D9700233E24 /* PBXContainerItemProxy */ = {
			isa = PBXContainerItemProxy;
			containerPortal = 93C2577B1B9BCCDB00134399 /* algorithm.xcodeproj */;
			proxyType = 2;
			remoteGlobalIDString = 9397F58D1B647CAA00DFEDC9;
			remoteInfo = algorithm_ios;
		};
		93B4E97B1E5D7D9700233E24 /* PBXContainerItemProxy */ = {
			isa = PBXContainerItemProxy;
			containerPortal = 93C2577B1B9BCCDB00134399 /* algorithm.xcodeproj */;
			proxyType = 2;
			remoteGlobalIDString = 93F1B9F6180282B0002A5A5C;
			remoteInfo = algorithm_test;
		};
		93B4E9851E5D7DA500233E24 /* PBXContainerItemProxy */ = {
			isa = PBXContainerItemProxy;
			containerPortal = 93563AAB1B674487004C47E4 /* graphics.xcodeproj */;
			proxyType = 2;
			remoteGlobalIDString = 9309550E1A4FB1FC00D09023;
			remoteInfo = graphics_shared;
		};
		93B4E9871E5D7DA500233E24 /* PBXContainerItemProxy */ = {
			isa = PBXContainerItemProxy;
			containerPortal = 93563AAB1B674487004C47E4 /* graphics.xcodeproj */;
			proxyType = 2;
			remoteGlobalIDString = 93C6B51519B22F5500A1CF93;
			remoteInfo = graphics_static;
		};
		93B4E9891E5D7DA500233E24 /* PBXContainerItemProxy */ = {
			isa = PBXContainerItemProxy;
			containerPortal = 93563AAB1B674487004C47E4 /* graphics.xcodeproj */;
			proxyType = 2;
			remoteGlobalIDString = 93B474091B648C4C00613FB6;
			remoteInfo = graphics_ios;
		};
		93B4E98B1E5D7DA500233E24 /* PBXContainerItemProxy */ = {
			isa = PBXContainerItemProxy;
			containerPortal = 93563AAB1B674487004C47E4 /* graphics.xcodeproj */;
			proxyType = 2;
			remoteGlobalIDString = 93F1B9F6180282B0002A5A5C;
			remoteInfo = graphics_test;
		};
		93B4E98D1E5D7DCF00233E24 /* PBXContainerItemProxy */ = {
			isa = PBXContainerItemProxy;
			containerPortal = 93C2577B1B9BCCDB00134399 /* algorithm.xcodeproj */;
			proxyType = 1;
			remoteGlobalIDString = 93C6B51419B22F5500A1CF93;
			remoteInfo = algorithm_static;
		};
		93B4E98F1E5D7DD100233E24 /* PBXContainerItemProxy */ = {
			isa = PBXContainerItemProxy;
			containerPortal = 93563AAB1B674487004C47E4 /* graphics.xcodeproj */;
			proxyType = 1;
			remoteGlobalIDString = 93C6B51419B22F5500A1CF93;
			remoteInfo = graphics_static;
		};
		93CFF45D1E5D7DED003B27FA /* PBXContainerItemProxy */ = {
			isa = PBXContainerItemProxy;
			containerPortal = 93C2577E1B9BCCDB00134399 /* math.xcodeproj */;
			proxyType = 2;
			remoteGlobalIDString = 9309550E1A4FB1FC00D09023;
			remoteInfo = math_shared;
		};
		93CFF45F1E5D7DED003B27FA /* PBXContainerItemProxy */ = {
			isa = PBXContainerItemProxy;
			containerPortal = 93C2577E1B9BCCDB00134399 /* math.xcodeproj */;
			proxyType = 2;
			remoteGlobalIDString = 93C6B51519B22F5500A1CF93;
			remoteInfo = math_static;
		};
		93CFF4611E5D7DED003B27FA /* PBXContainerItemProxy */ = {
			isa = PBXContainerItemProxy;
			containerPortal = 93C2577E1B9BCCDB00134399 /* math.xcodeproj */;
			proxyType = 2;
			remoteGlobalIDString = 93F858331B564DB200C32E8D;
			remoteInfo = math_ios;
		};
		93CFF4631E5D7DED003B27FA /* PBXContainerItemProxy */ = {
			isa = PBXContainerItemProxy;
			containerPortal = 93C2577E1B9BCCDB00134399 /* math.xcodeproj */;
			proxyType = 2;
			remoteGlobalIDString = 93F1B9F6180282B0002A5A5C;
			remoteInfo = math_test;
		};
		93CFF46F1E5D7DF4003B27FA /* PBXContainerItemProxy */ = {
			isa = PBXContainerItemProxy;
			containerPortal = 93C2577E1B9BCCDB00134399 /* math.xcodeproj */;
			proxyType = 1;
			remoteGlobalIDString = 93C6B51419B22F5500A1CF93;
			remoteInfo = math_static;
		};
/* End PBXContainerItemProxy section */

/* Begin PBXCopyFilesBuildPhase section */
		936A9F411CAE457000CFBE5E /* Copy Files */ = {
			isa = PBXCopyFilesBuildPhase;
			buildActionMask = 2147483647;
			dstPath = "";
			dstSubfolderSpec = 10;
			files = (
				9321BA8E1CAE505F004284CA /* Sparkle.framework in Copy Files */,
			);
			name = "Copy Files";
			runOnlyForDeploymentPostprocessing = 0;
		};
/* End PBXCopyFilesBuildPhase section */

/* Begin PBXFileReference section */
		9308C72D1CA29ACD004EDECA /* extra.cc */ = {isa = PBXFileReference; fileEncoding = 4; lastKnownFileType = sourcecode.cpp.cpp; path = extra.cc; sourceTree = "<group>"; };
		9308C72E1CA29ACD004EDECA /* extra.h */ = {isa = PBXFileReference; fileEncoding = 4; lastKnownFileType = sourcecode.c.h; path = extra.h; sourceTree = "<group>"; };
		9308F4071C59E003005B31CC /* Location.swift */ = {isa = PBXFileReference; fileEncoding = 4; lastKnownFileType = sourcecode.swift; path = Location.swift; sourceTree = "<group>"; };
		930ECCC51C7D5DBC004C9978 /* Typeface.swift */ = {isa = PBXFileReference; fileEncoding = 4; lastKnownFileType = sourcecode.swift; path = Typeface.swift; sourceTree = "<group>"; };
		930ECCD51C7D5F02004C9978 /* TypefaceViewController.swift */ = {isa = PBXFileReference; fileEncoding = 4; lastKnownFileType = sourcecode.swift; path = TypefaceViewController.swift; sourceTree = "<group>"; };
		931043F71B94184F00DAC200 /* glyph.cc */ = {isa = PBXFileReference; fileEncoding = 4; lastKnownFileType = sourcecode.cpp.cpp; path = glyph.cc; sourceTree = "<group>"; };
		932063001C82F84900E3EA83 /* Info.plist */ = {isa = PBXFileReference; lastKnownFileType = text.plist.xml; path = Info.plist; sourceTree = "<group>"; };
		9328FC1F1C8042EB003D8FB6 /* SheetContentSegue.swift */ = {isa = PBXFileReference; fileEncoding = 4; lastKnownFileType = sourcecode.swift; path = SheetContentSegue.swift; sourceTree = "<group>"; };
		933162C71B92C3F3009FFC7C /* font_info.h */ = {isa = PBXFileReference; lastKnownFileType = sourcecode.c.h; path = font_info.h; sourceTree = "<group>"; };
		933162D61B92C58F009FFC7C /* font_info.cc */ = {isa = PBXFileReference; fileEncoding = 4; lastKnownFileType = sourcecode.cpp.cpp; path = font_info.cc; sourceTree = "<group>"; };
		933162DA1B92CB6A009FFC7C /* optional.h */ = {isa = PBXFileReference; lastKnownFileType = sourcecode.c.h; lineEnding = 0; path = optional.h; sourceTree = "<group>"; xcLanguageSpecificationIdentifier = xcode.lang.objcpp; };
		933162DB1B92D901009FFC7C /* gasp_range_record.h */ = {isa = PBXFileReference; lastKnownFileType = sourcecode.c.h; path = gasp_range_record.h; sourceTree = "<group>"; };
		933162DD1B92D901009FFC7C /* name_record.h */ = {isa = PBXFileReference; lastKnownFileType = sourcecode.c.h; path = name_record.h; sourceTree = "<group>"; };
		933162ED1B92D9F2009FFC7C /* copyright.h */ = {isa = PBXFileReference; fileEncoding = 4; lastKnownFileType = sourcecode.c.h; name = copyright.h; path = src/token/ufo/woff/metadata/copyright.h; sourceTree = SOURCE_ROOT; };
		933162EE1B92D9F2009FFC7C /* credit.h */ = {isa = PBXFileReference; fileEncoding = 4; lastKnownFileType = sourcecode.c.h; name = credit.h; path = src/token/ufo/woff/metadata/credit.h; sourceTree = SOURCE_ROOT; };
		933162EF1B92D9F2009FFC7C /* credits.h */ = {isa = PBXFileReference; fileEncoding = 4; lastKnownFileType = sourcecode.c.h; name = credits.h; path = src/token/ufo/woff/metadata/credits.h; sourceTree = SOURCE_ROOT; };
		933162F01B92D9F2009FFC7C /* description.h */ = {isa = PBXFileReference; fileEncoding = 4; lastKnownFileType = sourcecode.c.h; name = description.h; path = src/token/ufo/woff/metadata/description.h; sourceTree = SOURCE_ROOT; };
		933162F11B92D9F2009FFC7C /* extension.h */ = {isa = PBXFileReference; fileEncoding = 4; lastKnownFileType = sourcecode.c.h; name = extension.h; path = src/token/ufo/woff/metadata/extension.h; sourceTree = SOURCE_ROOT; };
		933162F21B92D9F2009FFC7C /* extension_item.h */ = {isa = PBXFileReference; fileEncoding = 4; lastKnownFileType = sourcecode.c.h; name = extension_item.h; path = src/token/ufo/woff/metadata/extension_item.h; sourceTree = SOURCE_ROOT; };
		933162F31B92D9F2009FFC7C /* extension_name.h */ = {isa = PBXFileReference; fileEncoding = 4; lastKnownFileType = sourcecode.c.h; name = extension_name.h; path = src/token/ufo/woff/metadata/extension_name.h; sourceTree = SOURCE_ROOT; };
		933162F41B92D9F2009FFC7C /* extension_value.h */ = {isa = PBXFileReference; fileEncoding = 4; lastKnownFileType = sourcecode.c.h; name = extension_value.h; path = src/token/ufo/woff/metadata/extension_value.h; sourceTree = SOURCE_ROOT; };
		933162F51B92D9F2009FFC7C /* license.h */ = {isa = PBXFileReference; fileEncoding = 4; lastKnownFileType = sourcecode.c.h; name = license.h; path = src/token/ufo/woff/metadata/license.h; sourceTree = SOURCE_ROOT; };
		933162F61B92D9F2009FFC7C /* licensee.h */ = {isa = PBXFileReference; fileEncoding = 4; lastKnownFileType = sourcecode.c.h; name = licensee.h; path = src/token/ufo/woff/metadata/licensee.h; sourceTree = SOURCE_ROOT; };
		933162F71B92D9F2009FFC7C /* text.h */ = {isa = PBXFileReference; fileEncoding = 4; lastKnownFileType = sourcecode.c.h; name = text.h; path = src/token/ufo/woff/metadata/text.h; sourceTree = SOURCE_ROOT; };
		933162F81B92D9F2009FFC7C /* trademark.h */ = {isa = PBXFileReference; fileEncoding = 4; lastKnownFileType = sourcecode.c.h; name = trademark.h; path = src/token/ufo/woff/metadata/trademark.h; sourceTree = SOURCE_ROOT; };
		933162F91B92D9F2009FFC7C /* unique_id.h */ = {isa = PBXFileReference; fileEncoding = 4; lastKnownFileType = sourcecode.c.h; name = unique_id.h; path = src/token/ufo/woff/metadata/unique_id.h; sourceTree = SOURCE_ROOT; };
		933162FA1B92D9F2009FFC7C /* vendor.h */ = {isa = PBXFileReference; fileEncoding = 4; lastKnownFileType = sourcecode.c.h; name = vendor.h; path = src/token/ufo/woff/metadata/vendor.h; sourceTree = SOURCE_ROOT; };
		933162FB1B92DA60009FFC7C /* woff.h */ = {isa = PBXFileReference; lastKnownFileType = sourcecode.c.h; path = woff.h; sourceTree = "<group>"; };
		9337DC231B8C12250070814C /* xml.h */ = {isa = PBXFileReference; fileEncoding = 4; lastKnownFileType = sourcecode.c.h; path = xml.h; sourceTree = "<group>"; };
		9337DC441B8D671B0070814C /* glyph_outline.h */ = {isa = PBXFileReference; lastKnownFileType = sourcecode.c.h; path = glyph_outline.h; sourceTree = "<group>"; };
		9337DC531B8D67F20070814C /* glyph_outline.cc */ = {isa = PBXFileReference; fileEncoding = 4; lastKnownFileType = sourcecode.cpp.cpp; path = glyph_outline.cc; sourceTree = "<group>"; };
		933A614F1BC8C95000C600C5 /* Main.storyboard */ = {isa = PBXFileReference; fileEncoding = 4; lastKnownFileType = file.storyboard; path = Main.storyboard; sourceTree = "<group>"; };
		9349561E1B8D8820000FD457 /* glyphs.h */ = {isa = PBXFileReference; lastKnownFileType = sourcecode.c.h; path = glyphs.h; sourceTree = "<group>"; };
		9349562D1B8D8B17000FD457 /* glyphs.cc */ = {isa = PBXFileReference; fileEncoding = 4; lastKnownFileType = sourcecode.cpp.cpp; path = glyphs.cc; sourceTree = "<group>"; };
		9349563C1B8EEF0E000FD457 /* glyph_iterator.h */ = {isa = PBXFileReference; lastKnownFileType = sourcecode.c.h; lineEnding = 0; path = glyph_iterator.h; sourceTree = "<group>"; xcLanguageSpecificationIdentifier = xcode.lang.objcpp; };
		93563AAB1B674487004C47E4 /* graphics.xcodeproj */ = {isa = PBXFileReference; lastKnownFileType = "wrapper.pb-project"; name = graphics.xcodeproj; path = lib/graphics/graphics.xcodeproj; sourceTree = "<group>"; };
		935DDCEA1BEB0F490070F741 /* Token.h */ = {isa = PBXFileReference; lastKnownFileType = sourcecode.c.h; path = Token.h; sourceTree = "<group>"; };
		935DDCEB1BEB102D0070F741 /* NumberToPercentageTransformer.swift */ = {isa = PBXFileReference; fileEncoding = 4; lastKnownFileType = sourcecode.swift; path = NumberToPercentageTransformer.swift; sourceTree = "<group>"; };
		935DDCED1BEB125C0070F741 /* NSBezierPath+RoundedRect.swift */ = {isa = PBXFileReference; fileEncoding = 4; lastKnownFileType = sourcecode.swift; path = "NSBezierPath+RoundedRect.swift"; sourceTree = "<group>"; };
		935DDCEF1BEB1A160070F741 /* RectCorners.swift */ = {isa = PBXFileReference; fileEncoding = 4; lastKnownFileType = sourcecode.swift; path = RectCorners.swift; sourceTree = "<group>"; };
		935DDCF11BEB228F0070F741 /* ZeroSplitView.swift */ = {isa = PBXFileReference; fileEncoding = 4; lastKnownFileType = sourcecode.swift; path = ZeroSplitView.swift; sourceTree = "<group>"; };
		935DDCF31BEB23460070F741 /* FirstResponderView.swift */ = {isa = PBXFileReference; fileEncoding = 4; lastKnownFileType = sourcecode.swift; path = FirstResponderView.swift; sourceTree = "<group>"; };
		935DDCFD1BEB2ACF0070F741 /* DefaultRoundedButtonCell.swift */ = {isa = PBXFileReference; fileEncoding = 4; lastKnownFileType = sourcecode.swift; path = DefaultRoundedButtonCell.swift; sourceTree = "<group>"; };
		935DDCFF1BEB37BA0070F741 /* NumericTextField.swift */ = {isa = PBXFileReference; fileEncoding = 4; lastKnownFileType = sourcecode.swift; path = NumericTextField.swift; sourceTree = "<group>"; };
		936839A91B9E925200E21EF7 /* glif.h */ = {isa = PBXFileReference; lastKnownFileType = sourcecode.c.h; path = glif.h; sourceTree = "<group>"; };
		936839AA1B9E931D00E21EF7 /* guideline.cc */ = {isa = PBXFileReference; fileEncoding = 4; lastKnownFileType = sourcecode.cpp.cpp; path = guideline.cc; sourceTree = "<group>"; };
		936839AB1B9E931D00E21EF7 /* guideline.h */ = {isa = PBXFileReference; fileEncoding = 4; lastKnownFileType = sourcecode.c.h; path = guideline.h; sourceTree = "<group>"; };
		936A9EE81CAB539700CFBE5E /* task.h */ = {isa = PBXFileReference; lastKnownFileType = sourcecode.c.h; path = task.h; sourceTree = "<group>"; };
		936A9EF41CAB577600CFBE5E /* task.cc */ = {isa = PBXFileReference; fileEncoding = 4; lastKnownFileType = sourcecode.cpp.cpp; path = task.cc; sourceTree = "<group>"; };
		936A9F061CAB6C7B00CFBE5E /* transform.cc */ = {isa = PBXFileReference; fileEncoding = 4; lastKnownFileType = sourcecode.cpp.cpp; path = transform.cc; sourceTree = "<group>"; };
		936A9F1C1CAE452200CFBE5E /* Sparkle.xcodeproj */ = {isa = PBXFileReference; lastKnownFileType = "wrapper.pb-project"; name = Sparkle.xcodeproj; path = lib/sparkle/Sparkle.xcodeproj; sourceTree = "<group>"; };
		936A9F431CAE4CE800CFBE5E /* SparklePublicDSAKey.pem */ = {isa = PBXFileReference; fileEncoding = 4; lastKnownFileType = text; path = SparklePublicDSAKey.pem; sourceTree = "<group>"; };
		93714B491B996C7E0077B273 /* lib.h */ = {isa = PBXFileReference; lastKnownFileType = sourcecode.c.h; path = lib.h; sourceTree = "<group>"; };
		93714B5F1B996EA70077B273 /* lib.cc */ = {isa = PBXFileReference; fileEncoding = 4; lastKnownFileType = sourcecode.cpp.cpp; path = lib.cc; sourceTree = "<group>"; };
		9373E7811C64613D003A66B0 /* TypefaceUnit.swift */ = {isa = PBXFileReference; fileEncoding = 4; lastKnownFileType = sourcecode.swift; path = TypefaceUnit.swift; sourceTree = "<group>"; };
		937E19451C80588800090AEF /* WelcomeAgreementViewController.swift */ = {isa = PBXFileReference; fileEncoding = 4; lastKnownFileType = sourcecode.swift; path = WelcomeAgreementViewController.swift; sourceTree = "<group>"; };
		937E19581C97D5A600090AEF /* StrokerBehavior.swift */ = {isa = PBXFileReference; fileEncoding = 4; lastKnownFileType = sourcecode.swift; path = StrokerBehavior.swift; sourceTree = "<group>"; };
		937E19741C9A628D00090AEF /* Stroker.swift */ = {isa = PBXFileReference; fileEncoding = 4; lastKnownFileType = sourcecode.swift; path = Stroker.swift; sourceTree = "<group>"; };
		9383794A1B962D47003E6893 /* TKNTypeface.h */ = {isa = PBXFileReference; fileEncoding = 4; lastKnownFileType = sourcecode.c.h; path = TKNTypeface.h; sourceTree = "<group>"; };
		9383794B1B962D47003E6893 /* TKNTypeface.mm */ = {isa = PBXFileReference; fileEncoding = 4; lastKnownFileType = sourcecode.cpp.objcpp; path = TKNTypeface.mm; sourceTree = "<group>"; };
		9390CBF41B95328D0088153C /* Credits.rtf */ = {isa = PBXFileReference; fileEncoding = 4; lastKnownFileType = text.rtf; path = Credits.rtf; sourceTree = "<group>"; };
		93982FBB1BA3D5F000438BDA /* AdobeFDKLicense.rtf */ = {isa = PBXFileReference; fileEncoding = 4; lastKnownFileType = text.rtf; path = AdobeFDKLicense.rtf; sourceTree = "<group>"; };
		939FDF181C1F62CD00B0DECD /* SettingsViewController.swift */ = {isa = PBXFileReference; fileEncoding = 4; lastKnownFileType = sourcecode.swift; path = SettingsViewController.swift; sourceTree = "<group>"; };
		939FDF1A1C1F630D00B0DECD /* TypefaceControlView.swift */ = {isa = PBXFileReference; fileEncoding = 4; lastKnownFileType = sourcecode.swift; path = TypefaceControlView.swift; sourceTree = "<group>"; };
		939FDF1C1C1F635800B0DECD /* TypefaceClipView.swift */ = {isa = PBXFileReference; fileEncoding = 4; lastKnownFileType = sourcecode.swift; path = TypefaceClipView.swift; sourceTree = "<group>"; };
		93A05ADE1B9B8A4A002DDAD5 /* afdko.h */ = {isa = PBXFileReference; fileEncoding = 4; lastKnownFileType = sourcecode.c.h; path = afdko.h; sourceTree = "<group>"; };
		93A05AE91B9B8A6B002DDAD5 /* opentype.cc */ = {isa = PBXFileReference; fileEncoding = 4; lastKnownFileType = sourcecode.cpp.cpp; path = opentype.cc; sourceTree = "<group>"; };
		93A05AEA1B9B8A6B002DDAD5 /* opentype.h */ = {isa = PBXFileReference; fileEncoding = 4; lastKnownFileType = sourcecode.c.h; path = opentype.h; sourceTree = "<group>"; };
		93A05AEE1B9B914A002DDAD5 /* typeface */ = {isa = PBXFileReference; lastKnownFileType = folder; path = typeface; sourceTree = SOURCE_ROOT; };
		93A05AF01B9B9B98002DDAD5 /* hinting.cc */ = {isa = PBXFileReference; fileEncoding = 4; lastKnownFileType = sourcecode.cpp.cpp; path = hinting.cc; sourceTree = "<group>"; };
		93A05AF11B9B9B98002DDAD5 /* hinting.h */ = {isa = PBXFileReference; fileEncoding = 4; lastKnownFileType = sourcecode.c.h; path = hinting.h; sourceTree = "<group>"; };
		93A0C0731CAE56640067548B /* PreferencesViewController.swift */ = {isa = PBXFileReference; fileEncoding = 4; lastKnownFileType = sourcecode.swift; path = PreferencesViewController.swift; sourceTree = "<group>"; };
		93A0C0971CB21E2B0067548B /* TypefaceDelegate.swift */ = {isa = PBXFileReference; fileEncoding = 4; lastKnownFileType = sourcecode.swift; path = TypefaceDelegate.swift; sourceTree = "<group>"; };
		93A0C0991CB229FF0067548B /* ProgressViewController.swift */ = {isa = PBXFileReference; fileEncoding = 4; lastKnownFileType = sourcecode.swift; path = ProgressViewController.swift; sourceTree = "<group>"; };
		93A224941B7B1FD200CB1DBB /* advance.h */ = {isa = PBXFileReference; fileEncoding = 4; lastKnownFileType = sourcecode.c.h; lineEnding = 0; path = advance.h; sourceTree = "<group>"; xcLanguageSpecificationIdentifier = xcode.lang.objcpp; };
		93A224951B7B1FD200CB1DBB /* anchor.h */ = {isa = PBXFileReference; fileEncoding = 4; lastKnownFileType = sourcecode.c.h; lineEnding = 0; path = anchor.h; sourceTree = "<group>"; xcLanguageSpecificationIdentifier = xcode.lang.objcpp; };
		93A224961B7B1FD200CB1DBB /* component.h */ = {isa = PBXFileReference; fileEncoding = 4; lastKnownFileType = sourcecode.c.h; lineEnding = 0; path = component.h; sourceTree = "<group>"; xcLanguageSpecificationIdentifier = xcode.lang.objcpp; };
		93A224971B7B1FD200CB1DBB /* contour.h */ = {isa = PBXFileReference; fileEncoding = 4; lastKnownFileType = sourcecode.c.h; lineEnding = 0; path = contour.h; sourceTree = "<group>"; xcLanguageSpecificationIdentifier = xcode.lang.objcpp; };
		93A224981B7B1FD200CB1DBB /* glyph.h */ = {isa = PBXFileReference; fileEncoding = 4; lastKnownFileType = sourcecode.c.h; lineEnding = 0; path = glyph.h; sourceTree = "<group>"; xcLanguageSpecificationIdentifier = xcode.lang.objcpp; };
		93A224991B7B1FD200CB1DBB /* guideline.h */ = {isa = PBXFileReference; fileEncoding = 4; lastKnownFileType = sourcecode.c.h; lineEnding = 0; path = guideline.h; sourceTree = "<group>"; xcLanguageSpecificationIdentifier = xcode.lang.objcpp; };
		93A2249A1B7B1FD200CB1DBB /* image.h */ = {isa = PBXFileReference; fileEncoding = 4; lastKnownFileType = sourcecode.c.h; lineEnding = 0; path = image.h; sourceTree = "<group>"; xcLanguageSpecificationIdentifier = xcode.lang.objcpp; };
		93A2249B1B7B1FD200CB1DBB /* outline.h */ = {isa = PBXFileReference; fileEncoding = 4; lastKnownFileType = sourcecode.c.h; lineEnding = 0; path = outline.h; sourceTree = "<group>"; xcLanguageSpecificationIdentifier = xcode.lang.objcpp; };
		93A2249C1B7B1FD200CB1DBB /* point.h */ = {isa = PBXFileReference; fileEncoding = 4; lastKnownFileType = sourcecode.c.h; lineEnding = 0; path = point.h; sourceTree = "<group>"; xcLanguageSpecificationIdentifier = xcode.lang.objcpp; };
		93A2249D1B7B1FD200CB1DBB /* unicode.h */ = {isa = PBXFileReference; fileEncoding = 4; lastKnownFileType = sourcecode.c.h; lineEnding = 0; path = unicode.h; sourceTree = "<group>"; xcLanguageSpecificationIdentifier = xcode.lang.objcpp; };
		93A224A31B7B1FD200CB1DBB /* ufo.h */ = {isa = PBXFileReference; fileEncoding = 4; lastKnownFileType = sourcecode.c.h; path = ufo.h; sourceTree = "<group>"; };
		93ACDAFD1C82A431009F1C8C /* TypefaceScrollView.swift */ = {isa = PBXFileReference; fileEncoding = 4; lastKnownFileType = sourcecode.swift; path = TypefaceScrollView.swift; sourceTree = "<group>"; };
		93B4749E1B64CF8800613FB6 /* product.xcconfig */ = {isa = PBXFileReference; lastKnownFileType = text.xcconfig; name = product.xcconfig; path = config/product.xcconfig; sourceTree = SOURCE_ROOT; };
		93B7635E1B91B332009CA8B0 /* main.m */ = {isa = PBXFileReference; fileEncoding = 4; lastKnownFileType = sourcecode.c.objc; path = main.m; sourceTree = "<group>"; };
		93C18F471B9307930044AAEB /* property_list.h */ = {isa = PBXFileReference; lastKnownFileType = sourcecode.c.h; path = property_list.h; sourceTree = "<group>"; };
		93C18F481B93089D0044AAEB /* property_list.cc */ = {isa = PBXFileReference; fileEncoding = 4; lastKnownFileType = sourcecode.cpp.cpp; path = property_list.cc; sourceTree = "<group>"; };
		93C18F841B930D430044AAEB /* copyright.cc */ = {isa = PBXFileReference; fileEncoding = 4; lastKnownFileType = sourcecode.cpp.cpp; lineEnding = 0; path = copyright.cc; sourceTree = "<group>"; xcLanguageSpecificationIdentifier = xcode.lang.cpp; };
		93C18F851B930D430044AAEB /* credit.cc */ = {isa = PBXFileReference; fileEncoding = 4; lastKnownFileType = sourcecode.cpp.cpp; lineEnding = 0; path = credit.cc; sourceTree = "<group>"; xcLanguageSpecificationIdentifier = xcode.lang.cpp; };
		93C18F861B930D430044AAEB /* credits.cc */ = {isa = PBXFileReference; fileEncoding = 4; lastKnownFileType = sourcecode.cpp.cpp; lineEnding = 0; path = credits.cc; sourceTree = "<group>"; xcLanguageSpecificationIdentifier = xcode.lang.cpp; };
		93C18F871B930D440044AAEB /* description.cc */ = {isa = PBXFileReference; fileEncoding = 4; lastKnownFileType = sourcecode.cpp.cpp; lineEnding = 0; path = description.cc; sourceTree = "<group>"; xcLanguageSpecificationIdentifier = xcode.lang.cpp; };
		93C18F881B930D440044AAEB /* extension_item.cc */ = {isa = PBXFileReference; fileEncoding = 4; lastKnownFileType = sourcecode.cpp.cpp; lineEnding = 0; path = extension_item.cc; sourceTree = "<group>"; xcLanguageSpecificationIdentifier = xcode.lang.cpp; };
		93C18F891B930D440044AAEB /* extension_name.cc */ = {isa = PBXFileReference; fileEncoding = 4; lastKnownFileType = sourcecode.cpp.cpp; lineEnding = 0; path = extension_name.cc; sourceTree = "<group>"; xcLanguageSpecificationIdentifier = xcode.lang.cpp; };
		93C18F8A1B930D440044AAEB /* extension_value.cc */ = {isa = PBXFileReference; fileEncoding = 4; lastKnownFileType = sourcecode.cpp.cpp; lineEnding = 0; path = extension_value.cc; sourceTree = "<group>"; xcLanguageSpecificationIdentifier = xcode.lang.cpp; };
		93C18F8B1B930D440044AAEB /* extension.cc */ = {isa = PBXFileReference; fileEncoding = 4; lastKnownFileType = sourcecode.cpp.cpp; lineEnding = 0; path = extension.cc; sourceTree = "<group>"; xcLanguageSpecificationIdentifier = xcode.lang.cpp; };
		93C18F8C1B930D440044AAEB /* license.cc */ = {isa = PBXFileReference; fileEncoding = 4; lastKnownFileType = sourcecode.cpp.cpp; path = license.cc; sourceTree = "<group>"; };
		93C18F8D1B930D440044AAEB /* licensee.cc */ = {isa = PBXFileReference; fileEncoding = 4; lastKnownFileType = sourcecode.cpp.cpp; path = licensee.cc; sourceTree = "<group>"; };
		93C18F8E1B930D440044AAEB /* text.cc */ = {isa = PBXFileReference; fileEncoding = 4; lastKnownFileType = sourcecode.cpp.cpp; path = text.cc; sourceTree = "<group>"; };
		93C18F8F1B930D440044AAEB /* trademark.cc */ = {isa = PBXFileReference; fileEncoding = 4; lastKnownFileType = sourcecode.cpp.cpp; path = trademark.cc; sourceTree = "<group>"; };
		93C18F901B930D440044AAEB /* unique_id.cc */ = {isa = PBXFileReference; fileEncoding = 4; lastKnownFileType = sourcecode.cpp.cpp; path = unique_id.cc; sourceTree = "<group>"; };
		93C18F911B930D440044AAEB /* vendor.cc */ = {isa = PBXFileReference; fileEncoding = 4; lastKnownFileType = sourcecode.cpp.cpp; path = vendor.cc; sourceTree = "<group>"; };
		93C18FBC1B930E0D0044AAEB /* gasp_range_record.cc */ = {isa = PBXFileReference; fileEncoding = 4; lastKnownFileType = sourcecode.cpp.cpp; lineEnding = 0; path = gasp_range_record.cc; sourceTree = "<group>"; xcLanguageSpecificationIdentifier = xcode.lang.cpp; };
		93C18FBD1B930E0D0044AAEB /* name_record.cc */ = {isa = PBXFileReference; fileEncoding = 4; lastKnownFileType = sourcecode.cpp.cpp; path = name_record.cc; sourceTree = "<group>"; };
		93C18FCD1B93561B0044AAEB /* plist.h */ = {isa = PBXFileReference; lastKnownFileType = sourcecode.c.h; path = plist.h; sourceTree = "<group>"; };
		93C2577B1B9BCCDB00134399 /* algorithm.xcodeproj */ = {isa = PBXFileReference; lastKnownFileType = "wrapper.pb-project"; name = algorithm.xcodeproj; path = lib/algorithm/algorithm.xcodeproj; sourceTree = "<group>"; };
		93C2577E1B9BCCDB00134399 /* math.xcodeproj */ = {isa = PBXFileReference; lastKnownFileType = "wrapper.pb-project"; name = math.xcodeproj; path = lib/math/math.xcodeproj; sourceTree = "<group>"; };
		93C257AD1B9C5AB700134399 /* ZoomIn.pdf */ = {isa = PBXFileReference; lastKnownFileType = image.pdf; path = ZoomIn.pdf; sourceTree = "<group>"; };
		93C257AE1B9C5AB700134399 /* ZoomOut.pdf */ = {isa = PBXFileReference; lastKnownFileType = image.pdf; path = ZoomOut.pdf; sourceTree = "<group>"; };
		93C257C31B9C96D900134399 /* Invert.pdf */ = {isa = PBXFileReference; lastKnownFileType = image.pdf; path = Invert.pdf; sourceTree = "<group>"; };
		93C257C51B9C99F700134399 /* Outline.pdf */ = {isa = PBXFileReference; lastKnownFileType = image.pdf; path = Outline.pdf; sourceTree = "<group>"; };
		93CDED661CA6DC9B00FB95E8 /* transform.h */ = {isa = PBXFileReference; fileEncoding = 4; lastKnownFileType = sourcecode.c.h; path = transform.h; sourceTree = "<group>"; };
		93D334BA1C8032AB00FF4567 /* TKNStroker.h */ = {isa = PBXFileReference; fileEncoding = 4; lastKnownFileType = sourcecode.c.h; path = TKNStroker.h; sourceTree = "<group>"; };
		93D334BB1C8032AB00FF4567 /* TKNStroker.mm */ = {isa = PBXFileReference; fileEncoding = 4; lastKnownFileType = sourcecode.cpp.objcpp; path = TKNStroker.mm; sourceTree = "<group>"; };
		93D334C01C80370C00FF4567 /* Welcome.storyboard */ = {isa = PBXFileReference; fileEncoding = 4; lastKnownFileType = file.storyboard; path = Welcome.storyboard; sourceTree = "<group>"; };
		93D334C21C80394000FF4567 /* WelcomeViewController.swift */ = {isa = PBXFileReference; fileEncoding = 4; lastKnownFileType = sourcecode.swift; path = WelcomeViewController.swift; sourceTree = "<group>"; };
		93D334C61C80396200FF4567 /* WelcomeProgressViewController.swift */ = {isa = PBXFileReference; fileEncoding = 4; lastKnownFileType = sourcecode.swift; path = WelcomeProgressViewController.swift; sourceTree = "<group>"; };
		93D70ECF1C2DA7AF003C6F2B /* MultilineTextField.swift */ = {isa = PBXFileReference; fileEncoding = 4; lastKnownFileType = sourcecode.swift; path = MultilineTextField.swift; sourceTree = "<group>"; };
		93D70EDC1C2DA991003C6F2B /* WelcomeWindow.swift */ = {isa = PBXFileReference; fileEncoding = 4; lastKnownFileType = sourcecode.swift; path = WelcomeWindow.swift; sourceTree = "<group>"; };
		93D70EE01C2DAAF2003C6F2B /* ApplicationDelegate.swift */ = {isa = PBXFileReference; fileEncoding = 4; lastKnownFileType = sourcecode.swift; path = ApplicationDelegate.swift; sourceTree = "<group>"; };
		93D70EE21C2DAB0A003C6F2B /* MainWindowController.swift */ = {isa = PBXFileReference; fileEncoding = 4; lastKnownFileType = sourcecode.swift; path = MainWindowController.swift; sourceTree = "<group>"; };
		93D70EE41C2DAB1A003C6F2B /* MainViewController.swift */ = {isa = PBXFileReference; fileEncoding = 4; lastKnownFileType = sourcecode.swift; path = MainViewController.swift; sourceTree = "<group>"; };
		93D70EF61C2DAEE0003C6F2B /* TypefaceView.swift */ = {isa = PBXFileReference; fileEncoding = 4; lastKnownFileType = sourcecode.swift; path = TypefaceView.swift; sourceTree = "<group>"; };
		93D70F081C2FA617003C6F2B /* RoundedButtonCell.swift */ = {isa = PBXFileReference; fileEncoding = 4; lastKnownFileType = sourcecode.swift; path = RoundedButtonCell.swift; sourceTree = "<group>"; };
		93E209661BB3AAC100C76B70 /* CapHeightTemplate.pdf */ = {isa = PBXFileReference; lastKnownFileType = image.pdf; path = CapHeightTemplate.pdf; sourceTree = "<group>"; };
		93E209671BB3AAC100C76B70 /* StrokeWidthTemplate.pdf */ = {isa = PBXFileReference; lastKnownFileType = image.pdf; path = StrokeWidthTemplate.pdf; sourceTree = "<group>"; };
		93E5FF151B915970006E968A /* glyph_stroker.cc */ = {isa = PBXFileReference; fileEncoding = 4; lastKnownFileType = sourcecode.cpp.cpp; path = glyph_stroker.cc; sourceTree = "<group>"; };
		93E5FF161B915970006E968A /* glyph_stroker.h */ = {isa = PBXFileReference; fileEncoding = 4; lastKnownFileType = sourcecode.c.h; lineEnding = 0; path = glyph_stroker.h; sourceTree = "<group>"; xcLanguageSpecificationIdentifier = xcode.lang.objcpp; };
		93F859271B575DCC00C32E8D /* project_debug.xcconfig */ = {isa = PBXFileReference; lastKnownFileType = text.xcconfig; name = project_debug.xcconfig; path = config/project_debug.xcconfig; sourceTree = SOURCE_ROOT; };
		93F859281B575DCC00C32E8D /* project_release.xcconfig */ = {isa = PBXFileReference; lastKnownFileType = text.xcconfig; name = project_release.xcconfig; path = config/project_release.xcconfig; sourceTree = SOURCE_ROOT; };
		93F859291B575DCC00C32E8D /* project.xcconfig */ = {isa = PBXFileReference; lastKnownFileType = text.xcconfig; name = project.xcconfig; path = config/project.xcconfig; sourceTree = SOURCE_ROOT; };
		93FEF94E1AD97263009D0646 /* Token.app */ = {isa = PBXFileReference; explicitFileType = wrapper.application; includeInIndex = 0; path = Token.app; sourceTree = BUILT_PRODUCTS_DIR; };
/* End PBXFileReference section */

/* Begin PBXFrameworksBuildPhase section */
		93FEF94B1AD97263009D0646 /* Frameworks */ = {
			isa = PBXFrameworksBuildPhase;
			buildActionMask = 2147483647;
			files = (
				9321BA8C1CAE5057004284CA /* Sparkle.framework in Frameworks */,
			);
			runOnlyForDeploymentPostprocessing = 0;
		};
/* End PBXFrameworksBuildPhase section */

/* Begin PBXGroup section */
		930125B01BC8E25B0004DE27 /* General */ = {
			isa = PBXGroup;
			children = (
				9308F4071C59E003005B31CC /* Location.swift */,
				935DDCEF1BEB1A160070F741 /* RectCorners.swift */,
				935DDCF31BEB23460070F741 /* FirstResponderView.swift */,
				935DDCF11BEB228F0070F741 /* ZeroSplitView.swift */,
				93D70ECF1C2DA7AF003C6F2B /* MultilineTextField.swift */,
				9328FC1F1C8042EB003D8FB6 /* SheetContentSegue.swift */,
				935DDCEB1BEB102D0070F741 /* NumberToPercentageTransformer.swift */,
				935DDCED1BEB125C0070F741 /* NSBezierPath+RoundedRect.swift */,
			);
			name = General;
			sourceTree = "<group>";
		};
		930125B11BC8E2950004DE27 /* Model */ = {
			isa = PBXGroup;
			children = (
				93D334BA1C8032AB00FF4567 /* TKNStroker.h */,
				93D334BB1C8032AB00FF4567 /* TKNStroker.mm */,
				9383794A1B962D47003E6893 /* TKNTypeface.h */,
				9383794B1B962D47003E6893 /* TKNTypeface.mm */,
				937E19741C9A628D00090AEF /* Stroker.swift */,
				937E19581C97D5A600090AEF /* StrokerBehavior.swift */,
				930ECCC51C7D5DBC004C9978 /* Typeface.swift */,
				93A0C0971CB21E2B0067548B /* TypefaceDelegate.swift */,
				9373E7811C64613D003A66B0 /* TypefaceUnit.swift */,
			);
			name = Model;
			sourceTree = "<group>";
		};
		931805A61BC8D2BA00E8A303 /* Welcome */ = {
			isa = PBXGroup;
			children = (
				93D334C01C80370C00FF4567 /* Welcome.storyboard */,
				93D70EDC1C2DA991003C6F2B /* WelcomeWindow.swift */,
				93D334C21C80394000FF4567 /* WelcomeViewController.swift */,
				937E19451C80588800090AEF /* WelcomeAgreementViewController.swift */,
				93D334C61C80396200FF4567 /* WelcomeProgressViewController.swift */,
			);
			name = Welcome;
			sourceTree = "<group>";
		};
		931805A81BC8D34A00E8A303 /* Typeface */ = {
			isa = PBXGroup;
			children = (
				930ECCD51C7D5F02004C9978 /* TypefaceViewController.swift */,
				93D70EF61C2DAEE0003C6F2B /* TypefaceView.swift */,
				939FDF1C1C1F635800B0DECD /* TypefaceClipView.swift */,
				93ACDAFD1C82A431009F1C8C /* TypefaceScrollView.swift */,
				939FDF1A1C1F630D00B0DECD /* TypefaceControlView.swift */,
			);
			name = Typeface;
			sourceTree = "<group>";
		};
		931805A91BC8D35F00E8A303 /* Settings */ = {
			isa = PBXGroup;
			children = (
				939FDF181C1F62CD00B0DECD /* SettingsViewController.swift */,
				93D70F081C2FA617003C6F2B /* RoundedButtonCell.swift */,
				935DDCFD1BEB2ACF0070F741 /* DefaultRoundedButtonCell.swift */,
				935DDCFF1BEB37BA0070F741 /* NumericTextField.swift */,
			);
			name = Settings;
			sourceTree = "<group>";
		};
		933162EC1B92D9F2009FFC7C /* woff */ = {
			isa = PBXGroup;
			children = (
				93C18F381B92E1010044AAEB /* metadata */,
			);
			path = woff;
			sourceTree = "<group>";
		};
		936839A81B9E923900E21EF7 /* glif */ = {
			isa = PBXGroup;
			children = (
				93A224941B7B1FD200CB1DBB /* advance.h */,
				93A2249D1B7B1FD200CB1DBB /* unicode.h */,
				93A2249A1B7B1FD200CB1DBB /* image.h */,
				93A224991B7B1FD200CB1DBB /* guideline.h */,
				93A224951B7B1FD200CB1DBB /* anchor.h */,
				93A2249B1B7B1FD200CB1DBB /* outline.h */,
				93A224961B7B1FD200CB1DBB /* component.h */,
				93A224971B7B1FD200CB1DBB /* contour.h */,
				93A2249C1B7B1FD200CB1DBB /* point.h */,
				93714B491B996C7E0077B273 /* lib.h */,
				93714B5F1B996EA70077B273 /* lib.cc */,
			);
			path = glif;
			sourceTree = "<group>";
		};
		936A9F1D1CAE452200CFBE5E /* Products */ = {
			isa = PBXGroup;
			children = (
				936A9F341CAE452200CFBE5E /* Sparkle.framework */,
				936A9F361CAE452200CFBE5E /* Sparkle Test App.app */,
				936A9F381CAE452200CFBE5E /* Sparkle Unit Tests.xctest */,
				936A9F3A1CAE452200CFBE5E /* BinaryDelta */,
				936A9F3C1CAE452200CFBE5E /* Autoupdate.app */,
				936A9F3E1CAE452200CFBE5E /* UI Tests.xctest */,
				9351BF961D8451A900FBAA50 /* fileop */,
				93B4E96E1E5D7D9700233E24 /* generate_appcast */,
			);
			name = Products;
			sourceTree = "<group>";
		};
		93A05ADD1B9B8A4A002DDAD5 /* afdko */ = {
			isa = PBXGroup;
			children = (
				936A9EE81CAB539700CFBE5E /* task.h */,
				936A9EF41CAB577600CFBE5E /* task.cc */,
				93A05AEA1B9B8A6B002DDAD5 /* opentype.h */,
				93A05AE91B9B8A6B002DDAD5 /* opentype.cc */,
				93A05AF11B9B9B98002DDAD5 /* hinting.h */,
				93A05AF01B9B9B98002DDAD5 /* hinting.cc */,
				93CDED661CA6DC9B00FB95E8 /* transform.h */,
				936A9F061CAB6C7B00CFBE5E /* transform.cc */,
				9308C72E1CA29ACD004EDECA /* extra.h */,
				9308C72D1CA29ACD004EDECA /* extra.cc */,
			);
			path = afdko;
			sourceTree = "<group>";
		};
		93A224921B7B1FD200CB1DBB /* ufo */ = {
			isa = PBXGroup;
			children = (
				933162C71B92C3F3009FFC7C /* font_info.h */,
				933162D61B92C58F009FFC7C /* font_info.cc */,
				9349561E1B8D8820000FD457 /* glyphs.h */,
				9349562D1B8D8B17000FD457 /* glyphs.cc */,
				9349563C1B8EEF0E000FD457 /* glyph_iterator.h */,
				93A224981B7B1FD200CB1DBB /* glyph.h */,
				931043F71B94184F00DAC200 /* glyph.cc */,
				936839A91B9E925200E21EF7 /* glif.h */,
				936839A81B9E923900E21EF7 /* glif */,
				933162DB1B92D901009FFC7C /* gasp_range_record.h */,
				93C18FBC1B930E0D0044AAEB /* gasp_range_record.cc */,
				933162DD1B92D901009FFC7C /* name_record.h */,
				93C18FBD1B930E0D0044AAEB /* name_record.cc */,
				936839AB1B9E931D00E21EF7 /* guideline.h */,
				936839AA1B9E931D00E21EF7 /* guideline.cc */,
				933162FB1B92DA60009FFC7C /* woff.h */,
				933162EC1B92D9F2009FFC7C /* woff */,
				9337DC231B8C12250070814C /* xml.h */,
				93C18FCD1B93561B0044AAEB /* plist.h */,
				93C18F471B9307930044AAEB /* property_list.h */,
				93C18F481B93089D0044AAEB /* property_list.cc */,
				933162DA1B92CB6A009FFC7C /* optional.h */,
			);
			path = ufo;
			sourceTree = "<group>";
		};
		93B4E96F1E5D7D9700233E24 /* Products */ = {
			isa = PBXGroup;
			children = (
				93B4E9761E5D7D9700233E24 /* libshota_algorithm.dylib */,
				93B4E9781E5D7D9700233E24 /* libshota_algorithm.a */,
				93B4E97A1E5D7D9700233E24 /* libshota_algorithm.a */,
				93B4E97C1E5D7D9700233E24 /* shota_algorithm_test */,
			);
			name = Products;
			sourceTree = "<group>";
		};
		93B4E97F1E5D7DA500233E24 /* Products */ = {
			isa = PBXGroup;
			children = (
				93B4E9861E5D7DA500233E24 /* libshota_graphics.dylib */,
				93B4E9881E5D7DA500233E24 /* libshota_graphics.a */,
				93B4E98A1E5D7DA500233E24 /* libshota_graphics.a */,
				93B4E98C1E5D7DA500233E24 /* shota_graphics_test */,
			);
			name = Products;
			sourceTree = "<group>";
		};
		93C18F381B92E1010044AAEB /* metadata */ = {
			isa = PBXGroup;
			children = (
				933162F91B92D9F2009FFC7C /* unique_id.h */,
				93C18F901B930D440044AAEB /* unique_id.cc */,
				933162FA1B92D9F2009FFC7C /* vendor.h */,
				93C18F911B930D440044AAEB /* vendor.cc */,
				933162EE1B92D9F2009FFC7C /* credit.h */,
				93C18F851B930D430044AAEB /* credit.cc */,
				933162EF1B92D9F2009FFC7C /* credits.h */,
				93C18F861B930D430044AAEB /* credits.cc */,
				933162F71B92D9F2009FFC7C /* text.h */,
				93C18F8E1B930D440044AAEB /* text.cc */,
				933162F01B92D9F2009FFC7C /* description.h */,
				93C18F871B930D440044AAEB /* description.cc */,
				933162F51B92D9F2009FFC7C /* license.h */,
				93C18F8C1B930D440044AAEB /* license.cc */,
				933162ED1B92D9F2009FFC7C /* copyright.h */,
				93C18F841B930D430044AAEB /* copyright.cc */,
				933162F81B92D9F2009FFC7C /* trademark.h */,
				93C18F8F1B930D440044AAEB /* trademark.cc */,
				933162F61B92D9F2009FFC7C /* licensee.h */,
				93C18F8D1B930D440044AAEB /* licensee.cc */,
				933162F31B92D9F2009FFC7C /* extension_name.h */,
				93C18F891B930D440044AAEB /* extension_name.cc */,
				933162F41B92D9F2009FFC7C /* extension_value.h */,
				93C18F8A1B930D440044AAEB /* extension_value.cc */,
				933162F21B92D9F2009FFC7C /* extension_item.h */,
				93C18F881B930D440044AAEB /* extension_item.cc */,
				933162F11B92D9F2009FFC7C /* extension.h */,
				93C18F8B1B930D440044AAEB /* extension.cc */,
			);
			path = metadata;
			sourceTree = "<group>";
		};
		93C18FEE1B951C430044AAEB /* resource */ = {
			isa = PBXGroup;
			children = (
				932063001C82F84900E3EA83 /* Info.plist */,
				93E209661BB3AAC100C76B70 /* CapHeightTemplate.pdf */,
				93E209671BB3AAC100C76B70 /* StrokeWidthTemplate.pdf */,
				93C257AD1B9C5AB700134399 /* ZoomIn.pdf */,
				93C257AE1B9C5AB700134399 /* ZoomOut.pdf */,
				93C257C31B9C96D900134399 /* Invert.pdf */,
				93C257C51B9C99F700134399 /* Outline.pdf */,
				93982FBB1BA3D5F000438BDA /* AdobeFDKLicense.rtf */,
				9390CBF41B95328D0088153C /* Credits.rtf */,
				936A9F431CAE4CE800CFBE5E /* SparklePublicDSAKey.pem */,
				93A05AEE1B9B914A002DDAD5 /* typeface */,
			);
			path = resource;
			sourceTree = "<group>";
		};
		93CFF4511E5D7DED003B27FA /* Products */ = {
			isa = PBXGroup;
			children = (
				93CFF45E1E5D7DED003B27FA /* libshota_math.dylib */,
				93CFF4601E5D7DED003B27FA /* libshota_math.a */,
				93CFF4621E5D7DED003B27FA /* libshota_math.a */,
				93CFF4641E5D7DED003B27FA /* shota_math_test */,
			);
			name = Products;
			sourceTree = "<group>";
		};
		93D139861C82F49B008D8B5C /* src */ = {
			isa = PBXGroup;
			children = (
				93FEF9501AD97263009D0646 /* Core */,
				93D139921C82F504008D8B5C /* Application */,
				930125B11BC8E2950004DE27 /* Model */,
				931805A61BC8D2BA00E8A303 /* Welcome */,
				931805A81BC8D34A00E8A303 /* Typeface */,
				931805A91BC8D35F00E8A303 /* Settings */,
				930125B01BC8E25B0004DE27 /* General */,
			);
			path = src;
			sourceTree = "<group>";
		};
		93D139921C82F504008D8B5C /* Application */ = {
			isa = PBXGroup;
			children = (
				93B7635E1B91B332009CA8B0 /* main.m */,
				935DDCEA1BEB0F490070F741 /* Token.h */,
				933A614F1BC8C95000C600C5 /* Main.storyboard */,
				93D70EE01C2DAAF2003C6F2B /* ApplicationDelegate.swift */,
				93D70EE21C2DAB0A003C6F2B /* MainWindowController.swift */,
				93D70EE41C2DAB1A003C6F2B /* MainViewController.swift */,
				93A0C0991CB229FF0067548B /* ProgressViewController.swift */,
				93A0C0731CAE56640067548B /* PreferencesViewController.swift */,
			);
			name = Application;
			sourceTree = "<group>";
		};
		93FEF9451AD97263009D0646 = {
			isa = PBXGroup;
			children = (
				93D139861C82F49B008D8B5C /* src */,
				93C18FEE1B951C430044AAEB /* resource */,
				93FEF9751AD972AA009D0646 /* config */,
				93FEF94F1AD97263009D0646 /* products */,
				93C2577B1B9BCCDB00134399 /* algorithm.xcodeproj */,
				93563AAB1B674487004C47E4 /* graphics.xcodeproj */,
				93C2577E1B9BCCDB00134399 /* math.xcodeproj */,
				936A9F1C1CAE452200CFBE5E /* Sparkle.xcodeproj */,
			);
			sourceTree = "<group>";
		};
		93FEF94F1AD97263009D0646 /* products */ = {
			isa = PBXGroup;
			children = (
				93FEF94E1AD97263009D0646 /* Token.app */,
			);
			name = products;
			sourceTree = "<group>";
		};
		93FEF9501AD97263009D0646 /* Core */ = {
			isa = PBXGroup;
			children = (
				93E5FF161B915970006E968A /* glyph_stroker.h */,
				93E5FF151B915970006E968A /* glyph_stroker.cc */,
				9337DC441B8D671B0070814C /* glyph_outline.h */,
				9337DC531B8D67F20070814C /* glyph_outline.cc */,
				93A05ADE1B9B8A4A002DDAD5 /* afdko.h */,
				93A05ADD1B9B8A4A002DDAD5 /* afdko */,
				93A224A31B7B1FD200CB1DBB /* ufo.h */,
				93A224921B7B1FD200CB1DBB /* ufo */,
			);
			name = Core;
			path = token;
			sourceTree = "<group>";
		};
		93FEF9751AD972AA009D0646 /* config */ = {
			isa = PBXGroup;
			children = (
				93F859291B575DCC00C32E8D /* project.xcconfig */,
				93F859271B575DCC00C32E8D /* project_debug.xcconfig */,
				93F859281B575DCC00C32E8D /* project_release.xcconfig */,
				93B4749E1B64CF8800613FB6 /* product.xcconfig */,
			);
			path = config;
			sourceTree = "<group>";
		};
/* End PBXGroup section */

/* Begin PBXNativeTarget section */
		93FEF94D1AD97263009D0646 /* Token */ = {
			isa = PBXNativeTarget;
			buildConfigurationList = 93FEF96B1AD97263009D0646 /* Build configuration list for PBXNativeTarget "Token" */;
			buildPhases = (
				93FEF94A1AD97263009D0646 /* Sources */,
				93FEF94B1AD97263009D0646 /* Frameworks */,
				93FEF94C1AD97263009D0646 /* Resources */,
				936A9F411CAE457000CFBE5E /* Copy Files */,
				93714B651B998F3B0077B273 /* ShellScript */,
			);
			buildRules = (
			);
			dependencies = (
				93CFF4701E5D7DF4003B27FA /* PBXTargetDependency */,
				93B4E9901E5D7DD100233E24 /* PBXTargetDependency */,
				93B4E98E1E5D7DCF00233E24 /* PBXTargetDependency */,
				9321BA901CAE505F004284CA /* PBXTargetDependency */,
			);
			name = Token;
			productName = Zorozoro;
			productReference = 93FEF94E1AD97263009D0646 /* Token.app */;
			productType = "com.apple.product-type.application";
		};
/* End PBXNativeTarget section */

/* Begin PBXProject section */
		93FEF9461AD97263009D0646 /* Project object */ = {
			isa = PBXProject;
			attributes = {
				LastUpgradeCheck = 0710;
				ORGANIZATIONNAME = "takram design engineering";
				TargetAttributes = {
					93FEF94D1AD97263009D0646 = {
						CreatedOnToolsVersion = 6.2;
						DevelopmentTeam = CMMH8M4457;
						LastSwiftMigration = 0800;
					};
				};
			};
			buildConfigurationList = 93FEF9491AD97263009D0646 /* Build configuration list for PBXProject "Token" */;
			compatibilityVersion = "Xcode 3.2";
			developmentRegion = English;
			hasScannedForEncodings = 0;
			knownRegions = (
				en,
				Base,
			);
			mainGroup = 93FEF9451AD97263009D0646;
			productRefGroup = 93FEF94F1AD97263009D0646 /* products */;
			projectDirPath = "";
			projectReferences = (
				{
					ProductGroup = 93B4E96F1E5D7D9700233E24 /* Products */;
					ProjectRef = 93C2577B1B9BCCDB00134399 /* algorithm.xcodeproj */;
				},
				{
					ProductGroup = 93B4E97F1E5D7DA500233E24 /* Products */;
					ProjectRef = 93563AAB1B674487004C47E4 /* graphics.xcodeproj */;
				},
				{
					ProductGroup = 93CFF4511E5D7DED003B27FA /* Products */;
					ProjectRef = 93C2577E1B9BCCDB00134399 /* math.xcodeproj */;
				},
				{
					ProductGroup = 936A9F1D1CAE452200CFBE5E /* Products */;
					ProjectRef = 936A9F1C1CAE452200CFBE5E /* Sparkle.xcodeproj */;
				},
			);
			projectRoot = "";
			targets = (
				93FEF94D1AD97263009D0646 /* Token */,
			);
		};
/* End PBXProject section */

/* Begin PBXReferenceProxy section */
		9351BF961D8451A900FBAA50 /* fileop */ = {
			isa = PBXReferenceProxy;
			fileType = "compiled.mach-o.executable";
			path = fileop;
			remoteRef = 9351BF951D8451A900FBAA50 /* PBXContainerItemProxy */;
			sourceTree = BUILT_PRODUCTS_DIR;
		};
		936A9F341CAE452200CFBE5E /* Sparkle.framework */ = {
			isa = PBXReferenceProxy;
			fileType = wrapper.framework;
			path = Sparkle.framework;
			remoteRef = 936A9F331CAE452200CFBE5E /* PBXContainerItemProxy */;
			sourceTree = BUILT_PRODUCTS_DIR;
		};
		936A9F361CAE452200CFBE5E /* Sparkle Test App.app */ = {
			isa = PBXReferenceProxy;
			fileType = wrapper.application;
			path = "Sparkle Test App.app";
			remoteRef = 936A9F351CAE452200CFBE5E /* PBXContainerItemProxy */;
			sourceTree = BUILT_PRODUCTS_DIR;
		};
		936A9F381CAE452200CFBE5E /* Sparkle Unit Tests.xctest */ = {
			isa = PBXReferenceProxy;
			fileType = wrapper.cfbundle;
			path = "Sparkle Unit Tests.xctest";
			remoteRef = 936A9F371CAE452200CFBE5E /* PBXContainerItemProxy */;
			sourceTree = BUILT_PRODUCTS_DIR;
		};
		936A9F3A1CAE452200CFBE5E /* BinaryDelta */ = {
			isa = PBXReferenceProxy;
			fileType = "compiled.mach-o.executable";
			path = BinaryDelta;
			remoteRef = 936A9F391CAE452200CFBE5E /* PBXContainerItemProxy */;
			sourceTree = BUILT_PRODUCTS_DIR;
		};
		936A9F3C1CAE452200CFBE5E /* Autoupdate.app */ = {
			isa = PBXReferenceProxy;
			fileType = wrapper.application;
			path = Autoupdate.app;
			remoteRef = 936A9F3B1CAE452200CFBE5E /* PBXContainerItemProxy */;
			sourceTree = BUILT_PRODUCTS_DIR;
		};
		936A9F3E1CAE452200CFBE5E /* UI Tests.xctest */ = {
			isa = PBXReferenceProxy;
			fileType = wrapper.cfbundle;
			path = "UI Tests.xctest";
			remoteRef = 936A9F3D1CAE452200CFBE5E /* PBXContainerItemProxy */;
			sourceTree = BUILT_PRODUCTS_DIR;
		};
		93B4E96E1E5D7D9700233E24 /* generate_appcast */ = {
			isa = PBXReferenceProxy;
			fileType = "compiled.mach-o.executable";
			path = generate_appcast;
			remoteRef = 93B4E96D1E5D7D9700233E24 /* PBXContainerItemProxy */;
			sourceTree = BUILT_PRODUCTS_DIR;
		};
		93B4E9761E5D7D9700233E24 /* libshota_algorithm.dylib */ = {
			isa = PBXReferenceProxy;
			fileType = "compiled.mach-o.dylib";
			path = libshota_algorithm.dylib;
			remoteRef = 93B4E9751E5D7D9700233E24 /* PBXContainerItemProxy */;
			sourceTree = BUILT_PRODUCTS_DIR;
		};
		93B4E9781E5D7D9700233E24 /* libshota_algorithm.a */ = {
			isa = PBXReferenceProxy;
			fileType = archive.ar;
			path = libshota_algorithm.a;
			remoteRef = 93B4E9771E5D7D9700233E24 /* PBXContainerItemProxy */;
			sourceTree = BUILT_PRODUCTS_DIR;
		};
		93B4E97A1E5D7D9700233E24 /* libshota_algorithm.a */ = {
			isa = PBXReferenceProxy;
			fileType = archive.ar;
			path = libshota_algorithm.a;
			remoteRef = 93B4E9791E5D7D9700233E24 /* PBXContainerItemProxy */;
			sourceTree = BUILT_PRODUCTS_DIR;
		};
		93B4E97C1E5D7D9700233E24 /* shota_algorithm_test */ = {
			isa = PBXReferenceProxy;
			fileType = "compiled.mach-o.executable";
			path = shota_algorithm_test;
			remoteRef = 93B4E97B1E5D7D9700233E24 /* PBXContainerItemProxy */;
			sourceTree = BUILT_PRODUCTS_DIR;
		};
		93B4E9861E5D7DA500233E24 /* libshota_graphics.dylib */ = {
			isa = PBXReferenceProxy;
			fileType = "compiled.mach-o.dylib";
			path = libshota_graphics.dylib;
			remoteRef = 93B4E9851E5D7DA500233E24 /* PBXContainerItemProxy */;
			sourceTree = BUILT_PRODUCTS_DIR;
		};
		93B4E9881E5D7DA500233E24 /* libshota_graphics.a */ = {
			isa = PBXReferenceProxy;
			fileType = archive.ar;
			path = libshota_graphics.a;
			remoteRef = 93B4E9871E5D7DA500233E24 /* PBXContainerItemProxy */;
			sourceTree = BUILT_PRODUCTS_DIR;
		};
		93B4E98A1E5D7DA500233E24 /* libshota_graphics.a */ = {
			isa = PBXReferenceProxy;
			fileType = archive.ar;
			path = libshota_graphics.a;
			remoteRef = 93B4E9891E5D7DA500233E24 /* PBXContainerItemProxy */;
			sourceTree = BUILT_PRODUCTS_DIR;
		};
		93B4E98C1E5D7DA500233E24 /* shota_graphics_test */ = {
			isa = PBXReferenceProxy;
			fileType = "compiled.mach-o.executable";
			path = shota_graphics_test;
			remoteRef = 93B4E98B1E5D7DA500233E24 /* PBXContainerItemProxy */;
			sourceTree = BUILT_PRODUCTS_DIR;
		};
		93CFF45E1E5D7DED003B27FA /* libshota_math.dylib */ = {
			isa = PBXReferenceProxy;
			fileType = "compiled.mach-o.dylib";
			path = libshota_math.dylib;
			remoteRef = 93CFF45D1E5D7DED003B27FA /* PBXContainerItemProxy */;
			sourceTree = BUILT_PRODUCTS_DIR;
		};
		93CFF4601E5D7DED003B27FA /* libshota_math.a */ = {
			isa = PBXReferenceProxy;
			fileType = archive.ar;
			path = libshota_math.a;
			remoteRef = 93CFF45F1E5D7DED003B27FA /* PBXContainerItemProxy */;
			sourceTree = BUILT_PRODUCTS_DIR;
		};
		93CFF4621E5D7DED003B27FA /* libshota_math.a */ = {
			isa = PBXReferenceProxy;
			fileType = archive.ar;
			path = libshota_math.a;
			remoteRef = 93CFF4611E5D7DED003B27FA /* PBXContainerItemProxy */;
			sourceTree = BUILT_PRODUCTS_DIR;
		};
		93CFF4641E5D7DED003B27FA /* shota_math_test */ = {
			isa = PBXReferenceProxy;
			fileType = "compiled.mach-o.executable";
			path = shota_math_test;
			remoteRef = 93CFF4631E5D7DED003B27FA /* PBXContainerItemProxy */;
			sourceTree = BUILT_PRODUCTS_DIR;
		};
/* End PBXReferenceProxy section */

/* Begin PBXResourcesBuildPhase section */
		93FEF94C1AD97263009D0646 /* Resources */ = {
			isa = PBXResourcesBuildPhase;
			buildActionMask = 2147483647;
			files = (
				93A05AEF1B9B914A002DDAD5 /* typeface in Resources */,
				933A61501BC8C95000C600C5 /* Main.storyboard in Resources */,
				93D334C11C80370C00FF4567 /* Welcome.storyboard in Resources */,
				93C257AF1B9C5AB700134399 /* ZoomIn.pdf in Resources */,
				93C257B01B9C5AB700134399 /* ZoomOut.pdf in Resources */,
				93C257C41B9C96D900134399 /* Invert.pdf in Resources */,
				93C257C61B9C99F700134399 /* Outline.pdf in Resources */,
				93E209681BB3AAC100C76B70 /* CapHeightTemplate.pdf in Resources */,
				93E209691BB3AAC100C76B70 /* StrokeWidthTemplate.pdf in Resources */,
				936A9F441CAE4CE800CFBE5E /* SparklePublicDSAKey.pem in Resources */,
				93982FBC1BA3D5F000438BDA /* AdobeFDKLicense.rtf in Resources */,
				9390CBF51B95328D0088153C /* Credits.rtf in Resources */,
			);
			runOnlyForDeploymentPostprocessing = 0;
		};
/* End PBXResourcesBuildPhase section */

/* Begin PBXShellScriptBuildPhase section */
		93714B651B998F3B0077B273 /* ShellScript */ = {
			isa = PBXShellScriptBuildPhase;
			buildActionMask = 12;
			files = (
			);
			inputPaths = (
			);
			outputPaths = (
			);
			runOnlyForDeploymentPostprocessing = 0;
			shellPath = /bin/sh;
			shellScript = "\"${PROJECT_DIR}/script/bundle.sh\"\n\"${PROJECT_DIR}/script/update_version.sh\"\n\"${PROJECT_DIR}/script/fdk-extra.sh\" \"${BUILT_PRODUCTS_DIR}/${SCRIPTS_FOLDER_PATH}\"\n";
		};
/* End PBXShellScriptBuildPhase section */

/* Begin PBXSourcesBuildPhase section */
		93FEF94A1AD97263009D0646 /* Sources */ = {
			isa = PBXSourcesBuildPhase;
			buildActionMask = 2147483647;
			files = (
				931043F81B94184F00DAC200 /* glyph.cc in Sources */,
				933162D71B92C58F009FFC7C /* font_info.cc in Sources */,
				9337DC541B8D67F20070814C /* glyph_outline.cc in Sources */,
				9349562E1B8D8B17000FD457 /* glyphs.cc in Sources */,
				93654CDA1C82F6C5004C3CC9 /* ZeroSplitView.swift in Sources */,
				936839AC1B9E931D00E21EF7 /* guideline.cc in Sources */,
				93654CD01C82F6C5004C3CC9 /* TypefaceClipView.swift in Sources */,
				93714B601B996EA70077B273 /* lib.cc in Sources */,
				93A05AEB1B9B8A6B002DDAD5 /* opentype.cc in Sources */,
				93654CDC1C82F6C5004C3CC9 /* SheetContentSegue.swift in Sources */,
				93654CC31C82F6C5004C3CC9 /* ApplicationDelegate.swift in Sources */,
				93654CD91C82F6C5004C3CC9 /* FirstResponderView.swift in Sources */,
				93654CCB1C82F6C5004C3CC9 /* WelcomeViewController.swift in Sources */,
				93654CD81C82F6C5004C3CC9 /* Location.swift in Sources */,
				93A05AF21B9B9B98002DDAD5 /* hinting.cc in Sources */,
				93654CDB1C82F6C5004C3CC9 /* MultilineTextField.swift in Sources */,
				93654CCD1C82F6C5004C3CC9 /* WelcomeProgressViewController.swift in Sources */,
				93654CD11C82F6C5004C3CC9 /* TypefaceScrollView.swift in Sources */,
				93654CC51C82F6C5004C3CC9 /* MainViewController.swift in Sources */,
				93A0C0741CAE56640067548B /* PreferencesViewController.swift in Sources */,
				93C18F491B93089E0044AAEB /* property_list.cc in Sources */,
				93654CCA1C82F6C5004C3CC9 /* WelcomeWindow.swift in Sources */,
				93654CD61C82F6C5004C3CC9 /* NumericTextField.swift in Sources */,
				93C18F921B930D440044AAEB /* copyright.cc in Sources */,
				93A0C09A1CB229FF0067548B /* ProgressViewController.swift in Sources */,
				937E19811C9ACB1A00090AEF /* TKNTypeface.mm in Sources */,
				937E19591C97D5A700090AEF /* StrokerBehavior.swift in Sources */,
				93654CCC1C82F6C5004C3CC9 /* WelcomeAgreementViewController.swift in Sources */,
				93C18F951B930D440044AAEB /* credit.cc in Sources */,
				93C18F981B930D440044AAEB /* credits.cc in Sources */,
				93A0C0981CB21E2B0067548B /* TypefaceDelegate.swift in Sources */,
				93C18F9B1B930D440044AAEB /* description.cc in Sources */,
				93654CCE1C82F6C5004C3CC9 /* TypefaceViewController.swift in Sources */,
				93654CC91C82F6C5004C3CC9 /* TypefaceUnit.swift in Sources */,
				93C18F9E1B930D440044AAEB /* extension_item.cc in Sources */,
				93654CCF1C82F6C5004C3CC9 /* TypefaceView.swift in Sources */,
				9321E9321C9CA1ED00D6FCEA /* main.m in Sources */,
				936A9EF51CAB577600CFBE5E /* task.cc in Sources */,
				93654CC81C82F6C5004C3CC9 /* Typeface.swift in Sources */,
				936A9F071CAB6C7B00CFBE5E /* transform.cc in Sources */,
				93654CDD1C82F6C5004C3CC9 /* NumberToPercentageTransformer.swift in Sources */,
				9308C72F1CA29ACD004EDECA /* extra.cc in Sources */,
				93C18FA11B930D440044AAEB /* extension_name.cc in Sources */,
				937E194C1C97D40700090AEF /* TKNStroker.mm in Sources */,
				937E19751C9A628D00090AEF /* Stroker.swift in Sources */,
				93C18FA41B930D440044AAEB /* extension_value.cc in Sources */,
				93654CDE1C82F6C5004C3CC9 /* NSBezierPath+RoundedRect.swift in Sources */,
				93654CD51C82F6C5004C3CC9 /* DefaultRoundedButtonCell.swift in Sources */,
				93654CD21C82F6C5004C3CC9 /* TypefaceControlView.swift in Sources */,
				93654CD41C82F6C5004C3CC9 /* RoundedButtonCell.swift in Sources */,
				93C18FA71B930D440044AAEB /* extension.cc in Sources */,
				93654CC41C82F6C5004C3CC9 /* MainWindowController.swift in Sources */,
				93C18FAA1B930D440044AAEB /* license.cc in Sources */,
				93654CD71C82F6C5004C3CC9 /* RectCorners.swift in Sources */,
				93654CD31C82F6C5004C3CC9 /* SettingsViewController.swift in Sources */,
				93C18FAD1B930D440044AAEB /* licensee.cc in Sources */,
				93C18FB01B930D440044AAEB /* text.cc in Sources */,
				93C18FB31B930D440044AAEB /* trademark.cc in Sources */,
				93C18FB61B930D440044AAEB /* unique_id.cc in Sources */,
				93C18FB91B930D440044AAEB /* vendor.cc in Sources */,
				93C18FBE1B930E0D0044AAEB /* gasp_range_record.cc in Sources */,
				93C18FC11B930E0D0044AAEB /* name_record.cc in Sources */,
				93E5FF171B915970006E968A /* glyph_stroker.cc in Sources */,
			);
			runOnlyForDeploymentPostprocessing = 0;
		};
/* End PBXSourcesBuildPhase section */

/* Begin PBXTargetDependency section */
		9321BA901CAE505F004284CA /* PBXTargetDependency */ = {
			isa = PBXTargetDependency;
			name = Sparkle;
			targetProxy = 9321BA8F1CAE505F004284CA /* PBXContainerItemProxy */;
		};
		93B4E98E1E5D7DCF00233E24 /* PBXTargetDependency */ = {
			isa = PBXTargetDependency;
			name = algorithm_static;
			targetProxy = 93B4E98D1E5D7DCF00233E24 /* PBXContainerItemProxy */;
		};
		93B4E9901E5D7DD100233E24 /* PBXTargetDependency */ = {
			isa = PBXTargetDependency;
			name = graphics_static;
			targetProxy = 93B4E98F1E5D7DD100233E24 /* PBXContainerItemProxy */;
		};
		93CFF4701E5D7DF4003B27FA /* PBXTargetDependency */ = {
			isa = PBXTargetDependency;
			name = math_static;
			targetProxy = 93CFF46F1E5D7DF4003B27FA /* PBXContainerItemProxy */;
		};
/* End PBXTargetDependency section */

/* Begin XCBuildConfiguration section */
		93FEF9691AD97263009D0646 /* Debug */ = {
			isa = XCBuildConfiguration;
			baseConfigurationReference = 93F859271B575DCC00C32E8D /* project_debug.xcconfig */;
			buildSettings = {
				MACOSX_DEPLOYMENT_TARGET = 10.11;
				ONLY_ACTIVE_ARCH = YES;
				SDKROOT = macosx;
			};
			name = Debug;
		};
		93FEF96A1AD97263009D0646 /* Release */ = {
			isa = XCBuildConfiguration;
			baseConfigurationReference = 93F859281B575DCC00C32E8D /* project_release.xcconfig */;
			buildSettings = {
				MACOSX_DEPLOYMENT_TARGET = 10.11;
				SDKROOT = macosx;
			};
			name = Release;
		};
		93FEF96C1AD97263009D0646 /* Debug */ = {
			isa = XCBuildConfiguration;
			baseConfigurationReference = 93B4749E1B64CF8800613FB6 /* product.xcconfig */;
			buildSettings = {
				INFOPLIST_FILE = resource/Info.plist;
				INFOPLIST_OTHER_PREPROCESSOR_FLAGS = "-traditional";
				INFOPLIST_PREPROCESS = YES;
				LD_RUNPATH_SEARCH_PATHS = "$(inherited) @executable_path/../Frameworks";
				MACOSX_DEPLOYMENT_TARGET = 10.11;
				PRODUCT_BUNDLE_IDENTIFIER = "com.takram.$(PRODUCT_NAME:rfc1034identifier)";
				PRODUCT_NAME = Token;
				SWIFT_OBJC_BRIDGING_HEADER = src/Token.h;
				SWIFT_VERSION = 3.0;
			};
			name = Debug;
		};
		93FEF96D1AD97263009D0646 /* Release */ = {
			isa = XCBuildConfiguration;
			baseConfigurationReference = 93B4749E1B64CF8800613FB6 /* product.xcconfig */;
			buildSettings = {
				INFOPLIST_FILE = resource/Info.plist;
				INFOPLIST_OTHER_PREPROCESSOR_FLAGS = "-traditional";
				INFOPLIST_PREPROCESS = YES;
				LD_RUNPATH_SEARCH_PATHS = "$(inherited) @executable_path/../Frameworks";
				MACOSX_DEPLOYMENT_TARGET = 10.11;
				PRODUCT_BUNDLE_IDENTIFIER = "com.takram.$(PRODUCT_NAME:rfc1034identifier)";
				PRODUCT_NAME = Token;
				SWIFT_OBJC_BRIDGING_HEADER = src/Token.h;
				SWIFT_VERSION = 3.0;
			};
			name = Release;
		};
/* End XCBuildConfiguration section */

/* Begin XCConfigurationList section */
		93FEF9491AD97263009D0646 /* Build configuration list for PBXProject "Token" */ = {
			isa = XCConfigurationList;
			buildConfigurations = (
				93FEF9691AD97263009D0646 /* Debug */,
				93FEF96A1AD97263009D0646 /* Release */,
			);
			defaultConfigurationIsVisible = 0;
			defaultConfigurationName = Release;
		};
		93FEF96B1AD97263009D0646 /* Build configuration list for PBXNativeTarget "Token" */ = {
			isa = XCConfigurationList;
			buildConfigurations = (
				93FEF96C1AD97263009D0646 /* Debug */,
				93FEF96D1AD97263009D0646 /* Release */,
			);
			defaultConfigurationIsVisible = 0;
			defaultConfigurationName = Release;
		};
/* End XCConfigurationList section */
	};
	rootObject = 93FEF9461AD97263009D0646 /* Project object */;
}
